// !$*UTF8*$!
{
	archiveVersion = 1;
	classes = {
	};
	objectVersion = 52;
	objects = {

/* Begin PBXBuildFile section */
		EE000A8B24B41E1000979B1A /* radar-rules.js in Resources */ = {isa = PBXBuildFile; fileRef = EE000A8624B41E1000979B1A /* radar-rules.js */; };
		EE000A8C24B41E1000979B1A /* radar-rules.js in Resources */ = {isa = PBXBuildFile; fileRef = EE000A8624B41E1000979B1A /* radar-rules.js */; };
		EE000A8D24B41E1000979B1A /* route-recognizer.min.js in Resources */ = {isa = PBXBuildFile; fileRef = EE000A8724B41E1000979B1A /* route-recognizer.min.js */; };
		EE000A8E24B41E1000979B1A /* route-recognizer.min.js in Resources */ = {isa = PBXBuildFile; fileRef = EE000A8724B41E1000979B1A /* route-recognizer.min.js */; };
		EE000A8F24B41E1000979B1A /* route-recognizer.js in Resources */ = {isa = PBXBuildFile; fileRef = EE000A8824B41E1000979B1A /* route-recognizer.js */; };
		EE000A9024B41E1000979B1A /* route-recognizer.js in Resources */ = {isa = PBXBuildFile; fileRef = EE000A8824B41E1000979B1A /* route-recognizer.js */; };
		EE000A9124B41E1000979B1A /* utils.js in Resources */ = {isa = PBXBuildFile; fileRef = EE000A8924B41E1000979B1A /* utils.js */; };
		EE000A9224B41E1000979B1A /* utils.js in Resources */ = {isa = PBXBuildFile; fileRef = EE000A8924B41E1000979B1A /* utils.js */; };
		EE000A9324B41E1000979B1A /* psl.min.js in Resources */ = {isa = PBXBuildFile; fileRef = EE000A8A24B41E1000979B1A /* psl.min.js */; };
		EE000A9424B41E1000979B1A /* psl.min.js in Resources */ = {isa = PBXBuildFile; fileRef = EE000A8A24B41E1000979B1A /* psl.min.js */; };
		EE000A9624B41E9600979B1A /* Radar.swift in Sources */ = {isa = PBXBuildFile; fileRef = EE000A9524B41E9600979B1A /* Radar.swift */; };
		EE000A9724B41E9600979B1A /* Radar.swift in Sources */ = {isa = PBXBuildFile; fileRef = EE000A9524B41E9600979B1A /* Radar.swift */; };
		EE1ABF0F24E182E200996C06 /* ButtonStyle.swift in Sources */ = {isa = PBXBuildFile; fileRef = EE1ABF0E24E182E200996C06 /* ButtonStyle.swift */; };
		EE1ABF1024E182E200996C06 /* ButtonStyle.swift in Sources */ = {isa = PBXBuildFile; fileRef = EE1ABF0E24E182E200996C06 /* ButtonStyle.swift */; };
		EE3EEAB624E152D20006ED53 /* SettingsView.swift in Sources */ = {isa = PBXBuildFile; fileRef = EE3EEAB524E152D20006ED53 /* SettingsView.swift */; };
		EE3EEAB724E152D20006ED53 /* SettingsView.swift in Sources */ = {isa = PBXBuildFile; fileRef = EE3EEAB524E152D20006ED53 /* SettingsView.swift */; };
		EE7CD90924DD541100FAA837 /* RSSBudTests.swift in Sources */ = {isa = PBXBuildFile; fileRef = EE7CD90824DD541100FAA837 /* RSSBudTests.swift */; };
		EE7CD91024DD547200FAA837 /* utils.js in Resources */ = {isa = PBXBuildFile; fileRef = EE000A8924B41E1000979B1A /* utils.js */; };
		EE7CD91124DD547200FAA837 /* psl.min.js in Resources */ = {isa = PBXBuildFile; fileRef = EE000A8A24B41E1000979B1A /* psl.min.js */; };
		EE7CD91224DD547200FAA837 /* Radar.swift in Sources */ = {isa = PBXBuildFile; fileRef = EE000A9524B41E9600979B1A /* Radar.swift */; };
		EE7CD91324DD547200FAA837 /* route-recognizer.min.js in Resources */ = {isa = PBXBuildFile; fileRef = EE000A8724B41E1000979B1A /* route-recognizer.min.js */; };
		EE7CD91524DD547200FAA837 /* radar-rules.js in Resources */ = {isa = PBXBuildFile; fileRef = EE000A8624B41E1000979B1A /* radar-rules.js */; };
		EE7CD91724DD6E6B00FAA837 /* url.js in Resources */ = {isa = PBXBuildFile; fileRef = EE7CD91624DD6E6B00FAA837 /* url.js */; };
		EE7CD91824DD6E6B00FAA837 /* url.js in Resources */ = {isa = PBXBuildFile; fileRef = EE7CD91624DD6E6B00FAA837 /* url.js */; };
		EE7CD91924DD6E6B00FAA837 /* url.js in Resources */ = {isa = PBXBuildFile; fileRef = EE7CD91624DD6E6B00FAA837 /* url.js */; };
		EE7CD91B24DD6EEF00FAA837 /* url.min.js in Resources */ = {isa = PBXBuildFile; fileRef = EE7CD91A24DD6EEF00FAA837 /* url.min.js */; };
		EE7CD91C24DD6EEF00FAA837 /* url.min.js in Resources */ = {isa = PBXBuildFile; fileRef = EE7CD91A24DD6EEF00FAA837 /* url.min.js */; };
		EE7CD91D24DD6EEF00FAA837 /* url.min.js in Resources */ = {isa = PBXBuildFile; fileRef = EE7CD91A24DD6EEF00FAA837 /* url.min.js */; };
		EE7CD91E24DD6FA000FAA837 /* URL+Expansion.swift in Sources */ = {isa = PBXBuildFile; fileRef = EEB7579324B2B7C600F26CF7 /* URL+Expansion.swift */; };
		EEB7578524B2B6E700F26CF7 /* App.swift in Sources */ = {isa = PBXBuildFile; fileRef = EEB7577224B2B6E600F26CF7 /* App.swift */; };
		EEB7578624B2B6E700F26CF7 /* App.swift in Sources */ = {isa = PBXBuildFile; fileRef = EEB7577224B2B6E600F26CF7 /* App.swift */; };
		EEB7578724B2B6E700F26CF7 /* ContentView.swift in Sources */ = {isa = PBXBuildFile; fileRef = EEB7577324B2B6E600F26CF7 /* ContentView.swift */; };
		EEB7578824B2B6E700F26CF7 /* ContentView.swift in Sources */ = {isa = PBXBuildFile; fileRef = EEB7577324B2B6E600F26CF7 /* ContentView.swift */; };
		EEB7578924B2B6E700F26CF7 /* Assets.xcassets in Resources */ = {isa = PBXBuildFile; fileRef = EEB7577424B2B6E700F26CF7 /* Assets.xcassets */; };
		EEB7578A24B2B6E700F26CF7 /* Assets.xcassets in Resources */ = {isa = PBXBuildFile; fileRef = EEB7577424B2B6E700F26CF7 /* Assets.xcassets */; };
		EEB7579424B2B7C600F26CF7 /* URL+Expansion.swift in Sources */ = {isa = PBXBuildFile; fileRef = EEB7579324B2B7C600F26CF7 /* URL+Expansion.swift */; };
		EEB7579524B2B7C600F26CF7 /* URL+Expansion.swift in Sources */ = {isa = PBXBuildFile; fileRef = EEB7579324B2B7C600F26CF7 /* URL+Expansion.swift */; };
		EEB7579924B3084A00F26CF7 /* LinkPresentation.swift in Sources */ = {isa = PBXBuildFile; fileRef = EEB7579824B3084A00F26CF7 /* LinkPresentation.swift */; };
		EEB7579A24B3084A00F26CF7 /* LinkPresentation.swift in Sources */ = {isa = PBXBuildFile; fileRef = EEB7579824B3084A00F26CF7 /* LinkPresentation.swift */; };
		EEB7579D24B311B300F26CF7 /* Regex in Frameworks */ = {isa = PBXBuildFile; productRef = EEB7579C24B311B300F26CF7 /* Regex */; };
		EEC4A4FD24E3D032005041CA /* Media.xcassets in Resources */ = {isa = PBXBuildFile; fileRef = EEC4A4FC24E3D032005041CA /* Media.xcassets */; };
		EEC4A4FF24E3D032005041CA /* ActionViewController.swift in Sources */ = {isa = PBXBuildFile; fileRef = EEC4A4FE24E3D032005041CA /* ActionViewController.swift */; };
		EEC4A50624E3D032005041CA /* Action Extension.appex in Embed App Extensions */ = {isa = PBXBuildFile; fileRef = EEC4A4FA24E3D032005041CA /* Action Extension.appex */; settings = {ATTRIBUTES = (RemoveHeadersOnCopy, ); }; };
		EEC4A50B24E3E26D005041CA /* route-recognizer.min.js in Resources */ = {isa = PBXBuildFile; fileRef = EE000A8724B41E1000979B1A /* route-recognizer.min.js */; };
		EEC4A50C24E3E26D005041CA /* psl.min.js in Resources */ = {isa = PBXBuildFile; fileRef = EE000A8A24B41E1000979B1A /* psl.min.js */; };
		EEC4A50E24E3E26D005041CA /* utils.js in Resources */ = {isa = PBXBuildFile; fileRef = EE000A8924B41E1000979B1A /* utils.js */; };
		EEC4A50F24E3E26D005041CA /* radar-rules.js in Resources */ = {isa = PBXBuildFile; fileRef = EE000A8624B41E1000979B1A /* radar-rules.js */; };
		EEC4A51024E3E26D005041CA /* Radar.swift in Sources */ = {isa = PBXBuildFile; fileRef = EE000A9524B41E9600979B1A /* Radar.swift */; };
		EEC4A51224E3E26D005041CA /* url.min.js in Resources */ = {isa = PBXBuildFile; fileRef = EE7CD91A24DD6EEF00FAA837 /* url.min.js */; };
		EEC4A51324E3E287005041CA /* ContentView.swift in Sources */ = {isa = PBXBuildFile; fileRef = EEB7577324B2B6E600F26CF7 /* ContentView.swift */; };
		EEC4A51424E3E29A005041CA /* URL+Expansion.swift in Sources */ = {isa = PBXBuildFile; fileRef = EEB7579324B2B7C600F26CF7 /* URL+Expansion.swift */; };
		EEC4A51524E3E29D005041CA /* LinkPresentation.swift in Sources */ = {isa = PBXBuildFile; fileRef = EEB7579824B3084A00F26CF7 /* LinkPresentation.swift */; };
		EEC4A51624E3E29F005041CA /* SettingsView.swift in Sources */ = {isa = PBXBuildFile; fileRef = EE3EEAB524E152D20006ED53 /* SettingsView.swift */; };
		EEC4A51724E3E2A2005041CA /* ButtonStyle.swift in Sources */ = {isa = PBXBuildFile; fileRef = EE1ABF0E24E182E200996C06 /* ButtonStyle.swift */; };
		EEC4A51B24E516D8005041CA /* RSSBud.swift in Sources */ = {isa = PBXBuildFile; fileRef = EEC4A51A24E516D8005041CA /* RSSBud.swift */; };
		EEC4A51C24E516D8005041CA /* RSSBud.swift in Sources */ = {isa = PBXBuildFile; fileRef = EEC4A51A24E516D8005041CA /* RSSBud.swift */; };
		EEC4A51D24E516D8005041CA /* RSSBud.swift in Sources */ = {isa = PBXBuildFile; fileRef = EEC4A51A24E516D8005041CA /* RSSBud.swift */; };
		EEC4A51E24E516D8005041CA /* RSSBud.swift in Sources */ = {isa = PBXBuildFile; fileRef = EEC4A51A24E516D8005041CA /* RSSBud.swift */; };
		EEF0A68024B4730E0038A301 /* Regex in Frameworks */ = {isa = PBXBuildFile; productRef = EEF0A67F24B4730E0038A301 /* Regex */; };
/* End PBXBuildFile section */

/* Begin PBXContainerItemProxy section */
		EE7CD90B24DD541100FAA837 /* PBXContainerItemProxy */ = {
			isa = PBXContainerItemProxy;
			containerPortal = EEB7576D24B2B6E600F26CF7 /* Project object */;
			proxyType = 1;
			remoteGlobalIDString = EEB7577824B2B6E700F26CF7;
			remoteInfo = iOS;
		};
		EEC4A50424E3D032005041CA /* PBXContainerItemProxy */ = {
			isa = PBXContainerItemProxy;
			containerPortal = EEB7576D24B2B6E600F26CF7 /* Project object */;
			proxyType = 1;
			remoteGlobalIDString = EEC4A4F924E3D032005041CA;
			remoteInfo = "Action Extension";
		};
/* End PBXContainerItemProxy section */

/* Begin PBXCopyFilesBuildPhase section */
		EEC4A50724E3D032005041CA /* Embed App Extensions */ = {
			isa = PBXCopyFilesBuildPhase;
			buildActionMask = 2147483647;
			dstPath = "";
			dstSubfolderSpec = 13;
			files = (
				EEC4A50624E3D032005041CA /* Action Extension.appex in Embed App Extensions */,
			);
			name = "Embed App Extensions";
			runOnlyForDeploymentPostprocessing = 0;
		};
/* End PBXCopyFilesBuildPhase section */

/* Begin PBXFileReference section */
		EE000A8624B41E1000979B1A /* radar-rules.js */ = {isa = PBXFileReference; fileEncoding = 4; lastKnownFileType = sourcecode.javascript; path = "radar-rules.js"; sourceTree = "<group>"; };
		EE000A8724B41E1000979B1A /* route-recognizer.min.js */ = {isa = PBXFileReference; fileEncoding = 4; lastKnownFileType = sourcecode.javascript; path = "route-recognizer.min.js"; sourceTree = "<group>"; };
		EE000A8824B41E1000979B1A /* route-recognizer.js */ = {isa = PBXFileReference; fileEncoding = 4; lastKnownFileType = sourcecode.javascript; path = "route-recognizer.js"; sourceTree = "<group>"; };
		EE000A8924B41E1000979B1A /* utils.js */ = {isa = PBXFileReference; fileEncoding = 4; lastKnownFileType = sourcecode.javascript; path = utils.js; sourceTree = "<group>"; };
		EE000A8A24B41E1000979B1A /* psl.min.js */ = {isa = PBXFileReference; fileEncoding = 4; lastKnownFileType = sourcecode.javascript; path = psl.min.js; sourceTree = "<group>"; };
		EE000A9524B41E9600979B1A /* Radar.swift */ = {isa = PBXFileReference; lastKnownFileType = sourcecode.swift; path = Radar.swift; sourceTree = "<group>"; };
		EE1ABF0E24E182E200996C06 /* ButtonStyle.swift */ = {isa = PBXFileReference; lastKnownFileType = sourcecode.swift; path = ButtonStyle.swift; sourceTree = "<group>"; };
		EE3EEAB524E152D20006ED53 /* SettingsView.swift */ = {isa = PBXFileReference; lastKnownFileType = sourcecode.swift; path = SettingsView.swift; sourceTree = "<group>"; };
		EE7CD90624DD541100FAA837 /* RSSBudTests.xctest */ = {isa = PBXFileReference; explicitFileType = wrapper.cfbundle; includeInIndex = 0; path = RSSBudTests.xctest; sourceTree = BUILT_PRODUCTS_DIR; };
		EE7CD90824DD541100FAA837 /* RSSBudTests.swift */ = {isa = PBXFileReference; lastKnownFileType = sourcecode.swift; path = RSSBudTests.swift; sourceTree = "<group>"; };
		EE7CD90A24DD541100FAA837 /* Info.plist */ = {isa = PBXFileReference; lastKnownFileType = text.plist.xml; path = Info.plist; sourceTree = "<group>"; };
		EE7CD91624DD6E6B00FAA837 /* url.js */ = {isa = PBXFileReference; fileEncoding = 4; lastKnownFileType = sourcecode.javascript; path = url.js; sourceTree = "<group>"; };
		EE7CD91A24DD6EEF00FAA837 /* url.min.js */ = {isa = PBXFileReference; fileEncoding = 4; lastKnownFileType = sourcecode.javascript; path = url.min.js; sourceTree = "<group>"; };
		EEB7577224B2B6E600F26CF7 /* App.swift */ = {isa = PBXFileReference; lastKnownFileType = sourcecode.swift; path = App.swift; sourceTree = "<group>"; };
		EEB7577324B2B6E600F26CF7 /* ContentView.swift */ = {isa = PBXFileReference; lastKnownFileType = sourcecode.swift; path = ContentView.swift; sourceTree = "<group>"; };
		EEB7577424B2B6E700F26CF7 /* Assets.xcassets */ = {isa = PBXFileReference; lastKnownFileType = folder.assetcatalog; path = Assets.xcassets; sourceTree = "<group>"; };
		EEB7577924B2B6E700F26CF7 /* RSSBud.app */ = {isa = PBXFileReference; explicitFileType = wrapper.application; includeInIndex = 0; path = RSSBud.app; sourceTree = BUILT_PRODUCTS_DIR; };
		EEB7577C24B2B6E700F26CF7 /* Info.plist */ = {isa = PBXFileReference; lastKnownFileType = text.plist.xml; path = Info.plist; sourceTree = "<group>"; };
		EEB7578124B2B6E700F26CF7 /* RSSBud.app */ = {isa = PBXFileReference; explicitFileType = wrapper.application; includeInIndex = 0; path = RSSBud.app; sourceTree = BUILT_PRODUCTS_DIR; };
		EEB7578324B2B6E700F26CF7 /* Info.plist */ = {isa = PBXFileReference; lastKnownFileType = text.plist.xml; path = Info.plist; sourceTree = "<group>"; };
		EEB7578424B2B6E700F26CF7 /* macOS.entitlements */ = {isa = PBXFileReference; lastKnownFileType = text.plist.entitlements; path = macOS.entitlements; sourceTree = "<group>"; };
		EEB7579324B2B7C600F26CF7 /* URL+Expansion.swift */ = {isa = PBXFileReference; lastKnownFileType = sourcecode.swift; path = "URL+Expansion.swift"; sourceTree = "<group>"; };
		EEB7579724B2EA9100F26CF7 /* JS.playground */ = {isa = PBXFileReference; lastKnownFileType = file.playground; path = JS.playground; sourceTree = "<group>"; xcLanguageSpecificationIdentifier = xcode.lang.swift; };
		EEB7579824B3084A00F26CF7 /* LinkPresentation.swift */ = {isa = PBXFileReference; lastKnownFileType = sourcecode.swift; path = LinkPresentation.swift; sourceTree = "<group>"; };
		EEC4A4F024E2B8C4005041CA /* README.md */ = {isa = PBXFileReference; lastKnownFileType = net.daringfireball.markdown; path = README.md; sourceTree = SOURCE_ROOT; };
		EEC4A4F224E2B9A8005041CA /* RSSBud.jpg */ = {isa = PBXFileReference; lastKnownFileType = image.jpeg; path = RSSBud.jpg; sourceTree = "<group>"; };
		EEC4A4FA24E3D032005041CA /* Action Extension.appex */ = {isa = PBXFileReference; explicitFileType = "wrapper.app-extension"; includeInIndex = 0; path = "Action Extension.appex"; sourceTree = BUILT_PRODUCTS_DIR; };
		EEC4A4FC24E3D032005041CA /* Media.xcassets */ = {isa = PBXFileReference; lastKnownFileType = folder.assetcatalog; path = Media.xcassets; sourceTree = "<group>"; };
		EEC4A4FE24E3D032005041CA /* ActionViewController.swift */ = {isa = PBXFileReference; lastKnownFileType = sourcecode.swift; path = ActionViewController.swift; sourceTree = "<group>"; };
		EEC4A50324E3D032005041CA /* Info.plist */ = {isa = PBXFileReference; lastKnownFileType = text.plist.xml; path = Info.plist; sourceTree = "<group>"; };
		EEC4A51824E42D61005041CA /* RSSBud.entitlements */ = {isa = PBXFileReference; lastKnownFileType = text.plist.entitlements; path = RSSBud.entitlements; sourceTree = "<group>"; };
		EEC4A51924E5122F005041CA /* Action Extension.entitlements */ = {isa = PBXFileReference; lastKnownFileType = text.plist.entitlements; path = "Action Extension.entitlements"; sourceTree = "<group>"; };
		EEC4A51A24E516D8005041CA /* RSSBud.swift */ = {isa = PBXFileReference; lastKnownFileType = sourcecode.swift; path = RSSBud.swift; sourceTree = "<group>"; };
/* End PBXFileReference section */

/* Begin PBXFrameworksBuildPhase section */
		EE7CD90324DD541100FAA837 /* Frameworks */ = {
			isa = PBXFrameworksBuildPhase;
			buildActionMask = 2147483647;
			files = (
			);
			runOnlyForDeploymentPostprocessing = 0;
		};
		EEB7577624B2B6E700F26CF7 /* Frameworks */ = {
			isa = PBXFrameworksBuildPhase;
			buildActionMask = 2147483647;
			files = (
				EEB7579D24B311B300F26CF7 /* Regex in Frameworks */,
			);
			runOnlyForDeploymentPostprocessing = 0;
		};
		EEB7577E24B2B6E700F26CF7 /* Frameworks */ = {
			isa = PBXFrameworksBuildPhase;
			buildActionMask = 2147483647;
			files = (
				EEF0A68024B4730E0038A301 /* Regex in Frameworks */,
			);
			runOnlyForDeploymentPostprocessing = 0;
		};
		EEC4A4F724E3D032005041CA /* Frameworks */ = {
			isa = PBXFrameworksBuildPhase;
			buildActionMask = 2147483647;
			files = (
			);
			runOnlyForDeploymentPostprocessing = 0;
		};
/* End PBXFrameworksBuildPhase section */

/* Begin PBXGroup section */
		EE000A7624B41CAA00979B1A /* Radar */ = {
			isa = PBXGroup;
			children = (
				EE000A8A24B41E1000979B1A /* psl.min.js */,
				EE000A8624B41E1000979B1A /* radar-rules.js */,
				EE000A8824B41E1000979B1A /* route-recognizer.js */,
				EE000A8724B41E1000979B1A /* route-recognizer.min.js */,
				EE7CD91624DD6E6B00FAA837 /* url.js */,
				EE7CD91A24DD6EEF00FAA837 /* url.min.js */,
				EE000A8924B41E1000979B1A /* utils.js */,
				EE000A9524B41E9600979B1A /* Radar.swift */,
			);
			path = Radar;
			sourceTree = "<group>";
		};
		EE7CD90724DD541100FAA837 /* RSSBudTests */ = {
			isa = PBXGroup;
			children = (
				EE7CD90824DD541100FAA837 /* RSSBudTests.swift */,
				EE7CD90A24DD541100FAA837 /* Info.plist */,
			);
			path = RSSBudTests;
			sourceTree = "<group>";
		};
		EEB7576C24B2B6E600F26CF7 = {
			isa = PBXGroup;
			children = (
				EEC4A4F024E2B8C4005041CA /* README.md */,
				EEB7579624B2EA6D00F26CF7 /* Playgrounds */,
				EEB7577124B2B6E600F26CF7 /* Shared */,
				EEB7577B24B2B6E700F26CF7 /* iOS */,
				EEB7578224B2B6E700F26CF7 /* macOS */,
				EE7CD90724DD541100FAA837 /* RSSBudTests */,
				EEC4A4F124E2B91A005041CA /* Readme Assets */,
				EEC4A4FB24E3D032005041CA /* Action Extension */,
				EEB7577A24B2B6E700F26CF7 /* Products */,
				EEF0A67E24B4730E0038A301 /* Frameworks */,
			);
			sourceTree = "<group>";
		};
		EEB7577124B2B6E600F26CF7 /* Shared */ = {
			isa = PBXGroup;
			children = (
				EEC4A51A24E516D8005041CA /* RSSBud.swift */,
				EEB7577224B2B6E600F26CF7 /* App.swift */,
				EE000A7624B41CAA00979B1A /* Radar */,
				EEB7577324B2B6E600F26CF7 /* ContentView.swift */,
				EEB7577424B2B6E700F26CF7 /* Assets.xcassets */,
				EEB7579324B2B7C600F26CF7 /* URL+Expansion.swift */,
				EEB7579824B3084A00F26CF7 /* LinkPresentation.swift */,
				EE3EEAB524E152D20006ED53 /* SettingsView.swift */,
				EE1ABF0E24E182E200996C06 /* ButtonStyle.swift */,
			);
			path = Shared;
			sourceTree = "<group>";
		};
		EEB7577A24B2B6E700F26CF7 /* Products */ = {
			isa = PBXGroup;
			children = (
				EEB7577924B2B6E700F26CF7 /* RSSBud.app */,
				EEB7578124B2B6E700F26CF7 /* RSSBud.app */,
				EE7CD90624DD541100FAA837 /* RSSBudTests.xctest */,
				EEC4A4FA24E3D032005041CA /* Action Extension.appex */,
			);
			name = Products;
			sourceTree = "<group>";
		};
		EEB7577B24B2B6E700F26CF7 /* iOS */ = {
			isa = PBXGroup;
			children = (
				EEC4A51824E42D61005041CA /* RSSBud.entitlements */,
				EEB7577C24B2B6E700F26CF7 /* Info.plist */,
			);
			path = iOS;
			sourceTree = "<group>";
		};
		EEB7578224B2B6E700F26CF7 /* macOS */ = {
			isa = PBXGroup;
			children = (
				EEB7578324B2B6E700F26CF7 /* Info.plist */,
				EEB7578424B2B6E700F26CF7 /* macOS.entitlements */,
			);
			path = macOS;
			sourceTree = "<group>";
		};
		EEB7579624B2EA6D00F26CF7 /* Playgrounds */ = {
			isa = PBXGroup;
			children = (
				EEB7579724B2EA9100F26CF7 /* JS.playground */,
			);
			path = Playgrounds;
			sourceTree = "<group>";
		};
		EEC4A4F124E2B91A005041CA /* Readme Assets */ = {
			isa = PBXGroup;
			children = (
				EEC4A4F224E2B9A8005041CA /* RSSBud.jpg */,
			);
			path = "Readme Assets";
			sourceTree = "<group>";
		};
		EEC4A4FB24E3D032005041CA /* Action Extension */ = {
			isa = PBXGroup;
			children = (
				EEC4A51924E5122F005041CA /* Action Extension.entitlements */,
				EEC4A4FC24E3D032005041CA /* Media.xcassets */,
				EEC4A4FE24E3D032005041CA /* ActionViewController.swift */,
				EEC4A50324E3D032005041CA /* Info.plist */,
			);
			path = "Action Extension";
			sourceTree = "<group>";
		};
		EEF0A67E24B4730E0038A301 /* Frameworks */ = {
			isa = PBXGroup;
			children = (
			);
			name = Frameworks;
			sourceTree = "<group>";
		};
/* End PBXGroup section */

/* Begin PBXNativeTarget section */
		EE7CD90524DD541100FAA837 /* RSSBudTests */ = {
			isa = PBXNativeTarget;
			buildConfigurationList = EE7CD90D24DD541100FAA837 /* Build configuration list for PBXNativeTarget "RSSBudTests" */;
			buildPhases = (
				EE7CD90224DD541100FAA837 /* Sources */,
				EE7CD90324DD541100FAA837 /* Frameworks */,
				EE7CD90424DD541100FAA837 /* Resources */,
			);
			buildRules = (
			);
			dependencies = (
				EE7CD90C24DD541100FAA837 /* PBXTargetDependency */,
			);
			name = RSSBudTests;
			productName = RSSBudTests;
			productReference = EE7CD90624DD541100FAA837 /* RSSBudTests.xctest */;
			productType = "com.apple.product-type.bundle.unit-test";
		};
		EEB7577824B2B6E700F26CF7 /* iOS */ = {
			isa = PBXNativeTarget;
			buildConfigurationList = EEB7578D24B2B6E700F26CF7 /* Build configuration list for PBXNativeTarget "iOS" */;
			buildPhases = (
				EEB7577524B2B6E700F26CF7 /* Sources */,
				EEB7577624B2B6E700F26CF7 /* Frameworks */,
				EEB7577724B2B6E700F26CF7 /* Resources */,
				EEC4A50724E3D032005041CA /* Embed App Extensions */,
			);
			buildRules = (
			);
			dependencies = (
				EEC4A50524E3D032005041CA /* PBXTargetDependency */,
			);
			name = iOS;
			packageProductDependencies = (
				EEB7579C24B311B300F26CF7 /* Regex */,
			);
			productName = iOS;
			productReference = EEB7577924B2B6E700F26CF7 /* RSSBud.app */;
			productType = "com.apple.product-type.application";
		};
		EEB7578024B2B6E700F26CF7 /* macOS */ = {
			isa = PBXNativeTarget;
			buildConfigurationList = EEB7579024B2B6E700F26CF7 /* Build configuration list for PBXNativeTarget "macOS" */;
			buildPhases = (
				EEB7577D24B2B6E700F26CF7 /* Sources */,
				EEB7577E24B2B6E700F26CF7 /* Frameworks */,
				EEB7577F24B2B6E700F26CF7 /* Resources */,
			);
			buildRules = (
			);
			dependencies = (
			);
			name = macOS;
			packageProductDependencies = (
				EEF0A67F24B4730E0038A301 /* Regex */,
			);
			productName = macOS;
			productReference = EEB7578124B2B6E700F26CF7 /* RSSBud.app */;
			productType = "com.apple.product-type.application";
		};
		EEC4A4F924E3D032005041CA /* Action Extension */ = {
			isa = PBXNativeTarget;
			buildConfigurationList = EEC4A50A24E3D032005041CA /* Build configuration list for PBXNativeTarget "Action Extension" */;
			buildPhases = (
				EEC4A4F624E3D032005041CA /* Sources */,
				EEC4A4F724E3D032005041CA /* Frameworks */,
				EEC4A4F824E3D032005041CA /* Resources */,
			);
			buildRules = (
			);
			dependencies = (
			);
			name = "Action Extension";
			productName = "Action Extension";
			productReference = EEC4A4FA24E3D032005041CA /* Action Extension.appex */;
			productType = "com.apple.product-type.app-extension";
		};
/* End PBXNativeTarget section */

/* Begin PBXProject section */
		EEB7576D24B2B6E600F26CF7 /* Project object */ = {
			isa = PBXProject;
			attributes = {
				LastSwiftUpdateCheck = 1200;
				LastUpgradeCheck = 1200;
				TargetAttributes = {
					EE7CD90524DD541100FAA837 = {
						CreatedOnToolsVersion = 12.0;
						TestTargetID = EEB7577824B2B6E700F26CF7;
					};
					EEB7577824B2B6E700F26CF7 = {
						CreatedOnToolsVersion = 12.0;
					};
					EEB7578024B2B6E700F26CF7 = {
						CreatedOnToolsVersion = 12.0;
					};
					EEC4A4F924E3D032005041CA = {
						CreatedOnToolsVersion = 12.0;
					};
				};
			};
			buildConfigurationList = EEB7577024B2B6E600F26CF7 /* Build configuration list for PBXProject "RSSBud" */;
			compatibilityVersion = "Xcode 9.3";
			developmentRegion = en;
			hasScannedForEncodings = 0;
			knownRegions = (
				en,
				Base,
			);
			mainGroup = EEB7576C24B2B6E600F26CF7;
			packageReferences = (
				EEB7579B24B311B300F26CF7 /* XCRemoteSwiftPackageReference "Regex" */,
			);
			productRefGroup = EEB7577A24B2B6E700F26CF7 /* Products */;
			projectDirPath = "";
			projectRoot = "";
			targets = (
				EEB7577824B2B6E700F26CF7 /* iOS */,
				EEB7578024B2B6E700F26CF7 /* macOS */,
				EE7CD90524DD541100FAA837 /* RSSBudTests */,
				EEC4A4F924E3D032005041CA /* Action Extension */,
			);
		};
/* End PBXProject section */

/* Begin PBXResourcesBuildPhase section */
		EE7CD90424DD541100FAA837 /* Resources */ = {
			isa = PBXResourcesBuildPhase;
			buildActionMask = 2147483647;
			files = (
				EE7CD91924DD6E6B00FAA837 /* url.js in Resources */,
				EE7CD91324DD547200FAA837 /* route-recognizer.min.js in Resources */,
				EE7CD91D24DD6EEF00FAA837 /* url.min.js in Resources */,
				EE7CD91524DD547200FAA837 /* radar-rules.js in Resources */,
				EE7CD91124DD547200FAA837 /* psl.min.js in Resources */,
				EE7CD91024DD547200FAA837 /* utils.js in Resources */,
			);
			runOnlyForDeploymentPostprocessing = 0;
		};
		EEB7577724B2B6E700F26CF7 /* Resources */ = {
			isa = PBXResourcesBuildPhase;
			buildActionMask = 2147483647;
			files = (
				EE000A9324B41E1000979B1A /* psl.min.js in Resources */,
				EE000A9124B41E1000979B1A /* utils.js in Resources */,
				EE7CD91B24DD6EEF00FAA837 /* url.min.js in Resources */,
				EE000A8D24B41E1000979B1A /* route-recognizer.min.js in Resources */,
				EEB7578924B2B6E700F26CF7 /* Assets.xcassets in Resources */,
				EE000A8F24B41E1000979B1A /* route-recognizer.js in Resources */,
				EE7CD91724DD6E6B00FAA837 /* url.js in Resources */,
				EE000A8B24B41E1000979B1A /* radar-rules.js in Resources */,
			);
			runOnlyForDeploymentPostprocessing = 0;
		};
		EEB7577F24B2B6E700F26CF7 /* Resources */ = {
			isa = PBXResourcesBuildPhase;
			buildActionMask = 2147483647;
			files = (
				EE000A9424B41E1000979B1A /* psl.min.js in Resources */,
				EE000A9224B41E1000979B1A /* utils.js in Resources */,
				EE7CD91C24DD6EEF00FAA837 /* url.min.js in Resources */,
				EE000A8E24B41E1000979B1A /* route-recognizer.min.js in Resources */,
				EEB7578A24B2B6E700F26CF7 /* Assets.xcassets in Resources */,
				EE000A9024B41E1000979B1A /* route-recognizer.js in Resources */,
				EE7CD91824DD6E6B00FAA837 /* url.js in Resources */,
				EE000A8C24B41E1000979B1A /* radar-rules.js in Resources */,
			);
			runOnlyForDeploymentPostprocessing = 0;
		};
		EEC4A4F824E3D032005041CA /* Resources */ = {
			isa = PBXResourcesBuildPhase;
			buildActionMask = 2147483647;
			files = (
				EEC4A50F24E3E26D005041CA /* radar-rules.js in Resources */,
				EEC4A51224E3E26D005041CA /* url.min.js in Resources */,
				EEC4A50B24E3E26D005041CA /* route-recognizer.min.js in Resources */,
				EEC4A4FD24E3D032005041CA /* Media.xcassets in Resources */,
				EEC4A50C24E3E26D005041CA /* psl.min.js in Resources */,
				EEC4A50E24E3E26D005041CA /* utils.js in Resources */,
			);
			runOnlyForDeploymentPostprocessing = 0;
		};
/* End PBXResourcesBuildPhase section */

/* Begin PBXSourcesBuildPhase section */
		EE7CD90224DD541100FAA837 /* Sources */ = {
			isa = PBXSourcesBuildPhase;
			buildActionMask = 2147483647;
			files = (
				EE7CD91E24DD6FA000FAA837 /* URL+Expansion.swift in Sources */,
				EE7CD91224DD547200FAA837 /* Radar.swift in Sources */,
				EEC4A51D24E516D8005041CA /* RSSBud.swift in Sources */,
				EE7CD90924DD541100FAA837 /* RSSBudTests.swift in Sources */,
			);
			runOnlyForDeploymentPostprocessing = 0;
		};
		EEB7577524B2B6E700F26CF7 /* Sources */ = {
			isa = PBXSourcesBuildPhase;
			buildActionMask = 2147483647;
			files = (
				EEB7579424B2B7C600F26CF7 /* URL+Expansion.swift in Sources */,
				EEB7578724B2B6E700F26CF7 /* ContentView.swift in Sources */,
				EEC4A51B24E516D8005041CA /* RSSBud.swift in Sources */,
				EEB7578524B2B6E700F26CF7 /* App.swift in Sources */,
				EE3EEAB624E152D20006ED53 /* SettingsView.swift in Sources */,
				EEB7579924B3084A00F26CF7 /* LinkPresentation.swift in Sources */,
				EE000A9624B41E9600979B1A /* Radar.swift in Sources */,
				EE1ABF0F24E182E200996C06 /* ButtonStyle.swift in Sources */,
			);
			runOnlyForDeploymentPostprocessing = 0;
		};
		EEB7577D24B2B6E700F26CF7 /* Sources */ = {
			isa = PBXSourcesBuildPhase;
			buildActionMask = 2147483647;
			files = (
				EEB7579524B2B7C600F26CF7 /* URL+Expansion.swift in Sources */,
				EEB7578824B2B6E700F26CF7 /* ContentView.swift in Sources */,
				EEC4A51C24E516D8005041CA /* RSSBud.swift in Sources */,
				EEB7578624B2B6E700F26CF7 /* App.swift in Sources */,
				EE3EEAB724E152D20006ED53 /* SettingsView.swift in Sources */,
				EEB7579A24B3084A00F26CF7 /* LinkPresentation.swift in Sources */,
				EE000A9724B41E9600979B1A /* Radar.swift in Sources */,
				EE1ABF1024E182E200996C06 /* ButtonStyle.swift in Sources */,
			);
			runOnlyForDeploymentPostprocessing = 0;
		};
		EEC4A4F624E3D032005041CA /* Sources */ = {
			isa = PBXSourcesBuildPhase;
			buildActionMask = 2147483647;
			files = (
				EEC4A51024E3E26D005041CA /* Radar.swift in Sources */,
				EEC4A51424E3E29A005041CA /* URL+Expansion.swift in Sources */,
				EEC4A51E24E516D8005041CA /* RSSBud.swift in Sources */,
				EEC4A4FF24E3D032005041CA /* ActionViewController.swift in Sources */,
				EEC4A51624E3E29F005041CA /* SettingsView.swift in Sources */,
				EEC4A51324E3E287005041CA /* ContentView.swift in Sources */,
				EEC4A51524E3E29D005041CA /* LinkPresentation.swift in Sources */,
				EEC4A51724E3E2A2005041CA /* ButtonStyle.swift in Sources */,
			);
			runOnlyForDeploymentPostprocessing = 0;
		};
/* End PBXSourcesBuildPhase section */

/* Begin PBXTargetDependency section */
		EE7CD90C24DD541100FAA837 /* PBXTargetDependency */ = {
			isa = PBXTargetDependency;
			target = EEB7577824B2B6E700F26CF7 /* iOS */;
			targetProxy = EE7CD90B24DD541100FAA837 /* PBXContainerItemProxy */;
		};
		EEC4A50524E3D032005041CA /* PBXTargetDependency */ = {
			isa = PBXTargetDependency;
			target = EEC4A4F924E3D032005041CA /* Action Extension */;
			targetProxy = EEC4A50424E3D032005041CA /* PBXContainerItemProxy */;
		};
/* End PBXTargetDependency section */

/* Begin XCBuildConfiguration section */
		EE7CD90E24DD541100FAA837 /* Debug */ = {
			isa = XCBuildConfiguration;
			buildSettings = {
				BUNDLE_LOADER = "$(TEST_HOST)";
				CODE_SIGN_STYLE = Automatic;
				DEVELOPMENT_TEAM = LCFCZ68733;
				INFOPLIST_FILE = RSSBudTests/Info.plist;
				IPHONEOS_DEPLOYMENT_TARGET = 14.0;
				LD_RUNPATH_SEARCH_PATHS = (
					"$(inherited)",
					"@executable_path/Frameworks",
					"@loader_path/Frameworks",
				);
				PRODUCT_BUNDLE_IDENTIFIER = cayZ.RSSBudTests;
				PRODUCT_NAME = "$(TARGET_NAME)";
				SDKROOT = iphoneos;
				SWIFT_VERSION = 5.0;
				TARGETED_DEVICE_FAMILY = "1,2";
				TEST_HOST = "$(BUILT_PRODUCTS_DIR)/RSSBud.app/RSSBud";
			};
			name = Debug;
		};
		EE7CD90F24DD541100FAA837 /* Release */ = {
			isa = XCBuildConfiguration;
			buildSettings = {
				BUNDLE_LOADER = "$(TEST_HOST)";
				CODE_SIGN_STYLE = Automatic;
				DEVELOPMENT_TEAM = LCFCZ68733;
				INFOPLIST_FILE = RSSBudTests/Info.plist;
				IPHONEOS_DEPLOYMENT_TARGET = 14.0;
				LD_RUNPATH_SEARCH_PATHS = (
					"$(inherited)",
					"@executable_path/Frameworks",
					"@loader_path/Frameworks",
				);
				PRODUCT_BUNDLE_IDENTIFIER = cayZ.RSSBudTests;
				PRODUCT_NAME = "$(TARGET_NAME)";
				SDKROOT = iphoneos;
				SWIFT_VERSION = 5.0;
				TARGETED_DEVICE_FAMILY = "1,2";
				TEST_HOST = "$(BUILT_PRODUCTS_DIR)/RSSBud.app/RSSBud";
				VALIDATE_PRODUCT = YES;
			};
			name = Release;
		};
		EEB7578B24B2B6E700F26CF7 /* Debug */ = {
			isa = XCBuildConfiguration;
			buildSettings = {
				ALWAYS_SEARCH_USER_PATHS = NO;
				CLANG_ANALYZER_NONNULL = YES;
				CLANG_ANALYZER_NUMBER_OBJECT_CONVERSION = YES_AGGRESSIVE;
				CLANG_CXX_LANGUAGE_STANDARD = "gnu++14";
				CLANG_CXX_LIBRARY = "libc++";
				CLANG_ENABLE_MODULES = YES;
				CLANG_ENABLE_OBJC_ARC = YES;
				CLANG_ENABLE_OBJC_WEAK = YES;
				CLANG_WARN_BLOCK_CAPTURE_AUTORELEASING = YES;
				CLANG_WARN_BOOL_CONVERSION = YES;
				CLANG_WARN_COMMA = YES;
				CLANG_WARN_CONSTANT_CONVERSION = YES;
				CLANG_WARN_DEPRECATED_OBJC_IMPLEMENTATIONS = YES;
				CLANG_WARN_DIRECT_OBJC_ISA_USAGE = YES_ERROR;
				CLANG_WARN_DOCUMENTATION_COMMENTS = YES;
				CLANG_WARN_EMPTY_BODY = YES;
				CLANG_WARN_ENUM_CONVERSION = YES;
				CLANG_WARN_INFINITE_RECURSION = YES;
				CLANG_WARN_INT_CONVERSION = YES;
				CLANG_WARN_NON_LITERAL_NULL_CONVERSION = YES;
				CLANG_WARN_OBJC_IMPLICIT_RETAIN_SELF = YES;
				CLANG_WARN_OBJC_LITERAL_CONVERSION = YES;
				CLANG_WARN_OBJC_ROOT_CLASS = YES_ERROR;
				CLANG_WARN_QUOTED_INCLUDE_IN_FRAMEWORK_HEADER = YES;
				CLANG_WARN_RANGE_LOOP_ANALYSIS = YES;
				CLANG_WARN_STRICT_PROTOTYPES = YES;
				CLANG_WARN_SUSPICIOUS_MOVE = YES;
				CLANG_WARN_UNGUARDED_AVAILABILITY = YES_AGGRESSIVE;
				CLANG_WARN_UNREACHABLE_CODE = YES;
				CLANG_WARN__DUPLICATE_METHOD_MATCH = YES;
				COPY_PHASE_STRIP = NO;
				DEBUG_INFORMATION_FORMAT = dwarf;
				ENABLE_STRICT_OBJC_MSGSEND = YES;
				ENABLE_TESTABILITY = YES;
				GCC_C_LANGUAGE_STANDARD = gnu11;
				GCC_DYNAMIC_NO_PIC = NO;
				GCC_NO_COMMON_BLOCKS = YES;
				GCC_OPTIMIZATION_LEVEL = 0;
				GCC_PREPROCESSOR_DEFINITIONS = (
					"DEBUG=1",
					"$(inherited)",
				);
				GCC_WARN_64_TO_32_BIT_CONVERSION = YES;
				GCC_WARN_ABOUT_RETURN_TYPE = YES_ERROR;
				GCC_WARN_UNDECLARED_SELECTOR = YES;
				GCC_WARN_UNINITIALIZED_AUTOS = YES_AGGRESSIVE;
				GCC_WARN_UNUSED_FUNCTION = YES;
				GCC_WARN_UNUSED_VARIABLE = YES;
				MTL_ENABLE_DEBUG_INFO = INCLUDE_SOURCE;
				MTL_FAST_MATH = YES;
				ONLY_ACTIVE_ARCH = YES;
				SWIFT_ACTIVE_COMPILATION_CONDITIONS = DEBUG;
				SWIFT_OPTIMIZATION_LEVEL = "-Onone";
			};
			name = Debug;
		};
		EEB7578C24B2B6E700F26CF7 /* Release */ = {
			isa = XCBuildConfiguration;
			buildSettings = {
				ALWAYS_SEARCH_USER_PATHS = NO;
				CLANG_ANALYZER_NONNULL = YES;
				CLANG_ANALYZER_NUMBER_OBJECT_CONVERSION = YES_AGGRESSIVE;
				CLANG_CXX_LANGUAGE_STANDARD = "gnu++14";
				CLANG_CXX_LIBRARY = "libc++";
				CLANG_ENABLE_MODULES = YES;
				CLANG_ENABLE_OBJC_ARC = YES;
				CLANG_ENABLE_OBJC_WEAK = YES;
				CLANG_WARN_BLOCK_CAPTURE_AUTORELEASING = YES;
				CLANG_WARN_BOOL_CONVERSION = YES;
				CLANG_WARN_COMMA = YES;
				CLANG_WARN_CONSTANT_CONVERSION = YES;
				CLANG_WARN_DEPRECATED_OBJC_IMPLEMENTATIONS = YES;
				CLANG_WARN_DIRECT_OBJC_ISA_USAGE = YES_ERROR;
				CLANG_WARN_DOCUMENTATION_COMMENTS = YES;
				CLANG_WARN_EMPTY_BODY = YES;
				CLANG_WARN_ENUM_CONVERSION = YES;
				CLANG_WARN_INFINITE_RECURSION = YES;
				CLANG_WARN_INT_CONVERSION = YES;
				CLANG_WARN_NON_LITERAL_NULL_CONVERSION = YES;
				CLANG_WARN_OBJC_IMPLICIT_RETAIN_SELF = YES;
				CLANG_WARN_OBJC_LITERAL_CONVERSION = YES;
				CLANG_WARN_OBJC_ROOT_CLASS = YES_ERROR;
				CLANG_WARN_QUOTED_INCLUDE_IN_FRAMEWORK_HEADER = YES;
				CLANG_WARN_RANGE_LOOP_ANALYSIS = YES;
				CLANG_WARN_STRICT_PROTOTYPES = YES;
				CLANG_WARN_SUSPICIOUS_MOVE = YES;
				CLANG_WARN_UNGUARDED_AVAILABILITY = YES_AGGRESSIVE;
				CLANG_WARN_UNREACHABLE_CODE = YES;
				CLANG_WARN__DUPLICATE_METHOD_MATCH = YES;
				COPY_PHASE_STRIP = NO;
				DEBUG_INFORMATION_FORMAT = "dwarf-with-dsym";
				ENABLE_NS_ASSERTIONS = NO;
				ENABLE_STRICT_OBJC_MSGSEND = YES;
				GCC_C_LANGUAGE_STANDARD = gnu11;
				GCC_NO_COMMON_BLOCKS = YES;
				GCC_WARN_64_TO_32_BIT_CONVERSION = YES;
				GCC_WARN_ABOUT_RETURN_TYPE = YES_ERROR;
				GCC_WARN_UNDECLARED_SELECTOR = YES;
				GCC_WARN_UNINITIALIZED_AUTOS = YES_AGGRESSIVE;
				GCC_WARN_UNUSED_FUNCTION = YES;
				GCC_WARN_UNUSED_VARIABLE = YES;
				MTL_ENABLE_DEBUG_INFO = NO;
				MTL_FAST_MATH = YES;
				SWIFT_COMPILATION_MODE = wholemodule;
				SWIFT_OPTIMIZATION_LEVEL = "-O";
			};
			name = Release;
		};
		EEB7578E24B2B6E700F26CF7 /* Debug */ = {
			isa = XCBuildConfiguration;
			buildSettings = {
				ALWAYS_EMBED_SWIFT_STANDARD_LIBRARIES = YES;
				ASSETCATALOG_COMPILER_APPICON_NAME = AppIcon;
				ASSETCATALOG_COMPILER_GLOBAL_ACCENT_COLOR_NAME = AccentColor;
				CODE_SIGN_ENTITLEMENTS = iOS/RSSBud.entitlements;
				CODE_SIGN_STYLE = Automatic;
				DEVELOPMENT_TEAM = LCFCZ68733;
				ENABLE_PREVIEWS = YES;
				INFOPLIST_FILE = iOS/Info.plist;
				IPHONEOS_DEPLOYMENT_TARGET = 14.0;
				LD_RUNPATH_SEARCH_PATHS = (
					"$(inherited)",
					"@executable_path/Frameworks",
				);
				PRODUCT_BUNDLE_IDENTIFIER = cayZ.RSSBud;
				PRODUCT_NAME = RSSBud;
				SDKROOT = iphoneos;
				SWIFT_VERSION = 5.0;
				TARGETED_DEVICE_FAMILY = "1,2";
			};
			name = Debug;
		};
		EEB7578F24B2B6E700F26CF7 /* Release */ = {
			isa = XCBuildConfiguration;
			buildSettings = {
				ALWAYS_EMBED_SWIFT_STANDARD_LIBRARIES = YES;
				ASSETCATALOG_COMPILER_APPICON_NAME = AppIcon;
				ASSETCATALOG_COMPILER_GLOBAL_ACCENT_COLOR_NAME = AccentColor;
				CODE_SIGN_ENTITLEMENTS = iOS/RSSBud.entitlements;
				CODE_SIGN_STYLE = Automatic;
				DEVELOPMENT_TEAM = LCFCZ68733;
				ENABLE_PREVIEWS = YES;
				INFOPLIST_FILE = iOS/Info.plist;
				IPHONEOS_DEPLOYMENT_TARGET = 14.0;
				LD_RUNPATH_SEARCH_PATHS = (
					"$(inherited)",
					"@executable_path/Frameworks",
				);
				PRODUCT_BUNDLE_IDENTIFIER = cayZ.RSSBud;
				PRODUCT_NAME = RSSBud;
				SDKROOT = iphoneos;
				SWIFT_VERSION = 5.0;
				TARGETED_DEVICE_FAMILY = "1,2";
				VALIDATE_PRODUCT = YES;
			};
			name = Release;
		};
		EEB7579124B2B6E700F26CF7 /* Debug */ = {
			isa = XCBuildConfiguration;
			buildSettings = {
				ASSETCATALOG_COMPILER_APPICON_NAME = AppIcon;
				ASSETCATALOG_COMPILER_GLOBAL_ACCENT_COLOR_NAME = AccentColor;
				CODE_SIGN_ENTITLEMENTS = macOS/macOS.entitlements;
				CODE_SIGN_STYLE = Automatic;
				COMBINE_HIDPI_IMAGES = YES;
				DEVELOPMENT_TEAM = LCFCZ68733;
				ENABLE_HARDENED_RUNTIME = YES;
				ENABLE_PREVIEWS = YES;
				INFOPLIST_FILE = macOS/Info.plist;
				LD_RUNPATH_SEARCH_PATHS = (
					"$(inherited)",
					"@executable_path/../Frameworks",
				);
				MACOSX_DEPLOYMENT_TARGET = 10.16;
				PRODUCT_BUNDLE_IDENTIFIER = cayZ.RSSBud;
				PRODUCT_NAME = RSSBud;
				SDKROOT = macosx;
				SWIFT_VERSION = 5.0;
			};
			name = Debug;
		};
		EEB7579224B2B6E700F26CF7 /* Release */ = {
			isa = XCBuildConfiguration;
			buildSettings = {
				ASSETCATALOG_COMPILER_APPICON_NAME = AppIcon;
				ASSETCATALOG_COMPILER_GLOBAL_ACCENT_COLOR_NAME = AccentColor;
				CODE_SIGN_ENTITLEMENTS = macOS/macOS.entitlements;
				CODE_SIGN_STYLE = Automatic;
				COMBINE_HIDPI_IMAGES = YES;
				DEVELOPMENT_TEAM = LCFCZ68733;
				ENABLE_HARDENED_RUNTIME = YES;
				ENABLE_PREVIEWS = YES;
				INFOPLIST_FILE = macOS/Info.plist;
				LD_RUNPATH_SEARCH_PATHS = (
					"$(inherited)",
					"@executable_path/../Frameworks",
				);
				MACOSX_DEPLOYMENT_TARGET = 10.16;
				PRODUCT_BUNDLE_IDENTIFIER = cayZ.RSSBud;
				PRODUCT_NAME = RSSBud;
				SDKROOT = macosx;
				SWIFT_VERSION = 5.0;
			};
			name = Release;
		};
		EEC4A50824E3D032005041CA /* Debug */ = {
			isa = XCBuildConfiguration;
			buildSettings = {
				CODE_SIGN_ENTITLEMENTS = "Action Extension/Action Extension.entitlements";
				CODE_SIGN_STYLE = Automatic;
				DEVELOPMENT_TEAM = LCFCZ68733;
				INFOPLIST_FILE = "Action Extension/Info.plist";
				IPHONEOS_DEPLOYMENT_TARGET = 14.0;
				LD_RUNPATH_SEARCH_PATHS = (
					"$(inherited)",
					"@executable_path/Frameworks",
					"@executable_path/../../Frameworks",
				);
				PRODUCT_BUNDLE_IDENTIFIER = "cayZ.RSSBud.Action-Extension";
				PRODUCT_NAME = "$(TARGET_NAME)";
				SDKROOT = iphoneos;
				SKIP_INSTALL = YES;
				SWIFT_VERSION = 5.0;
				TARGETED_DEVICE_FAMILY = "1,2";
			};
			name = Debug;
		};
		EEC4A50924E3D032005041CA /* Release */ = {
			isa = XCBuildConfiguration;
			buildSettings = {
				CODE_SIGN_ENTITLEMENTS = "Action Extension/Action Extension.entitlements";
				CODE_SIGN_STYLE = Automatic;
				DEVELOPMENT_TEAM = LCFCZ68733;
				INFOPLIST_FILE = "Action Extension/Info.plist";
				IPHONEOS_DEPLOYMENT_TARGET = 14.0;
				LD_RUNPATH_SEARCH_PATHS = (
					"$(inherited)",
					"@executable_path/Frameworks",
					"@executable_path/../../Frameworks",
				);
				PRODUCT_BUNDLE_IDENTIFIER = "cayZ.RSSBud.Action-Extension";
				PRODUCT_NAME = "$(TARGET_NAME)";
				SDKROOT = iphoneos;
				SKIP_INSTALL = YES;
				SWIFT_VERSION = 5.0;
				TARGETED_DEVICE_FAMILY = "1,2";
				VALIDATE_PRODUCT = YES;
			};
			name = Release;
		};
/* End XCBuildConfiguration section */

/* Begin XCConfigurationList section */
		EE7CD90D24DD541100FAA837 /* Build configuration list for PBXNativeTarget "RSSBudTests" */ = {
			isa = XCConfigurationList;
			buildConfigurations = (
				EE7CD90E24DD541100FAA837 /* Debug */,
				EE7CD90F24DD541100FAA837 /* Release */,
			);
			defaultConfigurationIsVisible = 0;
			defaultConfigurationName = Release;
		};
		EEB7577024B2B6E600F26CF7 /* Build configuration list for PBXProject "RSSBud" */ = {
			isa = XCConfigurationList;
			buildConfigurations = (
				EEB7578B24B2B6E700F26CF7 /* Debug */,
				EEB7578C24B2B6E700F26CF7 /* Release */,
			);
			defaultConfigurationIsVisible = 0;
			defaultConfigurationName = Release;
		};
		EEB7578D24B2B6E700F26CF7 /* Build configuration list for PBXNativeTarget "iOS" */ = {
			isa = XCConfigurationList;
			buildConfigurations = (
				EEB7578E24B2B6E700F26CF7 /* Debug */,
				EEB7578F24B2B6E700F26CF7 /* Release */,
			);
			defaultConfigurationIsVisible = 0;
			defaultConfigurationName = Release;
		};
		EEB7579024B2B6E700F26CF7 /* Build configuration list for PBXNativeTarget "macOS" */ = {
			isa = XCConfigurationList;
			buildConfigurations = (
				EEB7579124B2B6E700F26CF7 /* Debug */,
				EEB7579224B2B6E700F26CF7 /* Release */,
			);
			defaultConfigurationIsVisible = 0;
			defaultConfigurationName = Release;
		};
		EEC4A50A24E3D032005041CA /* Build configuration list for PBXNativeTarget "Action Extension" */ = {
			isa = XCConfigurationList;
			buildConfigurations = (
				EEC4A50824E3D032005041CA /* Debug */,
				EEC4A50924E3D032005041CA /* Release */,
			);
			defaultConfigurationIsVisible = 0;
			defaultConfigurationName = Release;
		};
/* End XCConfigurationList section */

/* Begin XCRemoteSwiftPackageReference section */
		EEB7579B24B311B300F26CF7 /* XCRemoteSwiftPackageReference "Regex" */ = {
			isa = XCRemoteSwiftPackageReference;
			repositoryURL = "https://github.com/crossroadlabs/Regex.git";
			requirement = {
				kind = upToNextMajorVersion;
				minimumVersion = 1.2.0;
			};
		};
/* End XCRemoteSwiftPackageReference section */

/* Begin XCSwiftPackageProductDependency section */
		EEB7579C24B311B300F26CF7 /* Regex */ = {
			isa = XCSwiftPackageProductDependency;
			package = EEB7579B24B311B300F26CF7 /* XCRemoteSwiftPackageReference "Regex" */;
			productName = Regex;
		};
		EEF0A67F24B4730E0038A301 /* Regex */ = {
			isa = XCSwiftPackageProductDependency;
			package = EEB7579B24B311B300F26CF7 /* XCRemoteSwiftPackageReference "Regex" */;
			productName = Regex;
		};
/* End XCSwiftPackageProductDependency section */
	};
	rootObject = EEB7576D24B2B6E600F26CF7 /* Project object */;
}
