// !$*UTF8*$!
{
	archiveVersion = 1;
	classes = {
	};
	objectVersion = 52;
	objects = {

/* Begin PBXBuildFile section */
		1C007AFB2675DC3B008B7B4C /* Combine+Async.swift in Sources */ = {isa = PBXBuildFile; fileRef = 1C007AFA2675DC3B008B7B4C /* Combine+Async.swift */; };
		1C007AFC2675DC3B008B7B4C /* Combine+Async.swift in Sources */ = {isa = PBXBuildFile; fileRef = 1C007AFA2675DC3B008B7B4C /* Combine+Async.swift */; };
		1C007AFD2675DC3B008B7B4C /* Combine+Async.swift in Sources */ = {isa = PBXBuildFile; fileRef = 1C007AFA2675DC3B008B7B4C /* Combine+Async.swift */; };
		1C007AFE2675DDBE008B7B4C /* Combine+Async.swift in Sources */ = {isa = PBXBuildFile; fileRef = 1C007AFA2675DC3B008B7B4C /* Combine+Async.swift */; };
		1C270114250B5BC300595BCE /* LaunchScreen.storyboard in Resources */ = {isa = PBXBuildFile; fileRef = 1C270113250B5BC300595BCE /* LaunchScreen.storyboard */; };
		1C2A9AE5257714D4008FD5F7 /* PersistentFile.swift in Sources */ = {isa = PBXBuildFile; fileRef = 1C2A9AE4257714D4008FD5F7 /* PersistentFile.swift */; };
		1C2A9AE6257714D4008FD5F7 /* PersistentFile.swift in Sources */ = {isa = PBXBuildFile; fileRef = 1C2A9AE4257714D4008FD5F7 /* PersistentFile.swift */; };
		1C2A9AE7257714D4008FD5F7 /* PersistentFile.swift in Sources */ = {isa = PBXBuildFile; fileRef = 1C2A9AE4257714D4008FD5F7 /* PersistentFile.swift */; };
		1C2A9AE8257714D4008FD5F7 /* PersistentFile.swift in Sources */ = {isa = PBXBuildFile; fileRef = 1C2A9AE4257714D4008FD5F7 /* PersistentFile.swift */; };
		1C32219E25192F6A00CD9F56 /* Localizable.strings in Resources */ = {isa = PBXBuildFile; fileRef = 1C3221A225192F6A00CD9F56 /* Localizable.strings */; };
		1C32219F25192F6A00CD9F56 /* Localizable.strings in Resources */ = {isa = PBXBuildFile; fileRef = 1C3221A225192F6A00CD9F56 /* Localizable.strings */; };
		1C3221A025192F6A00CD9F56 /* Localizable.strings in Resources */ = {isa = PBXBuildFile; fileRef = 1C3221A225192F6A00CD9F56 /* Localizable.strings */; };
		1C58359E24EA8D9100FB8523 /* Integration.swift in Sources */ = {isa = PBXBuildFile; fileRef = 1C58359D24EA8D9100FB8523 /* Integration.swift */; };
		1C58359F24EA8D9100FB8523 /* Integration.swift in Sources */ = {isa = PBXBuildFile; fileRef = 1C58359D24EA8D9100FB8523 /* Integration.swift */; };
		1C5835A024EA8D9100FB8523 /* Integration.swift in Sources */ = {isa = PBXBuildFile; fileRef = 1C58359D24EA8D9100FB8523 /* Integration.swift */; };
		1C5835A124EA8D9100FB8523 /* Integration.swift in Sources */ = {isa = PBXBuildFile; fileRef = 1C58359D24EA8D9100FB8523 /* Integration.swift */; };
		1C614E9A2605EEA800C634C1 /* ExpandableSection.swift in Sources */ = {isa = PBXBuildFile; fileRef = 1C614E992605EEA800C634C1 /* ExpandableSection.swift */; };
		1C614E9B2605EEA800C634C1 /* ExpandableSection.swift in Sources */ = {isa = PBXBuildFile; fileRef = 1C614E992605EEA800C634C1 /* ExpandableSection.swift */; };
		1C614E9C2605EEA800C634C1 /* ExpandableSection.swift in Sources */ = {isa = PBXBuildFile; fileRef = 1C614E992605EEA800C634C1 /* ExpandableSection.swift */; };
		1C6E62982556BF48006087EF /* PromoAssetGeneration.swift in Sources */ = {isa = PBXBuildFile; fileRef = 1C6E62972556BF48006087EF /* PromoAssetGeneration.swift */; };
		1C6EE75D258CA78900C645F0 /* shortcut-workshop.json in Resources */ = {isa = PBXBuildFile; fileRef = 1C6EE761258CA78900C645F0 /* shortcut-workshop.json */; };
		1C6EE75E258CA78900C645F0 /* shortcut-workshop.json in Resources */ = {isa = PBXBuildFile; fileRef = 1C6EE761258CA78900C645F0 /* shortcut-workshop.json */; };
		1C6EE75F258CA78900C645F0 /* shortcut-workshop.json in Resources */ = {isa = PBXBuildFile; fileRef = 1C6EE761258CA78900C645F0 /* shortcut-workshop.json */; };
		1C6EE76A258CA97300C645F0 /* ShortcutWorkshop.swift in Sources */ = {isa = PBXBuildFile; fileRef = 1C6EE769258CA97300C645F0 /* ShortcutWorkshop.swift */; };
		1C6EE76B258CA97300C645F0 /* ShortcutWorkshop.swift in Sources */ = {isa = PBXBuildFile; fileRef = 1C6EE769258CA97300C645F0 /* ShortcutWorkshop.swift */; };
		1C6EE76C258CA97300C645F0 /* ShortcutWorkshop.swift in Sources */ = {isa = PBXBuildFile; fileRef = 1C6EE769258CA97300C645F0 /* ShortcutWorkshop.swift */; };
		1C7D8DAE26B96509000EE4E4 /* StartView.swift in Sources */ = {isa = PBXBuildFile; fileRef = 1C7D8DAD26B96508000EE4E4 /* StartView.swift */; };
		1C7D8DAF26B96509000EE4E4 /* StartView.swift in Sources */ = {isa = PBXBuildFile; fileRef = 1C7D8DAD26B96508000EE4E4 /* StartView.swift */; };
		1C8221A424EAA73900E139F3 /* FeedView.swift in Sources */ = {isa = PBXBuildFile; fileRef = 1C8221A324EAA73900E139F3 /* FeedView.swift */; };
		1C8221A524EAA73900E139F3 /* FeedView.swift in Sources */ = {isa = PBXBuildFile; fileRef = 1C8221A324EAA73900E139F3 /* FeedView.swift */; };
		1C8221A624EAA73900E139F3 /* FeedView.swift in Sources */ = {isa = PBXBuildFile; fileRef = 1C8221A324EAA73900E139F3 /* FeedView.swift */; };
		1C99BE3E259B26AA0073609C /* CustomOpenURL.swift in Sources */ = {isa = PBXBuildFile; fileRef = 1C99BE3D259B26AA0073609C /* CustomOpenURL.swift */; };
		1C99BE3F259B26AA0073609C /* CustomOpenURL.swift in Sources */ = {isa = PBXBuildFile; fileRef = 1C99BE3D259B26AA0073609C /* CustomOpenURL.swift */; };
		1C99BE40259B26AA0073609C /* CustomOpenURL.swift in Sources */ = {isa = PBXBuildFile; fileRef = 1C99BE3D259B26AA0073609C /* CustomOpenURL.swift */; };
		1C99BE48259B35EC0073609C /* BetterSafariView in Frameworks */ = {isa = PBXBuildFile; productRef = 1C99BE47259B35EC0073609C /* BetterSafariView */; };
		1C99BE4F259B35F30073609C /* BetterSafariView in Frameworks */ = {isa = PBXBuildFile; productRef = 1C99BE4E259B35F30073609C /* BetterSafariView */; };
		1CA2078D24EFCD7600C6EDD5 /* QueryEditor.swift in Sources */ = {isa = PBXBuildFile; fileRef = 1CA2078C24EFCD7600C6EDD5 /* QueryEditor.swift */; };
		1CA2078E24EFCD7600C6EDD5 /* QueryEditor.swift in Sources */ = {isa = PBXBuildFile; fileRef = 1CA2078C24EFCD7600C6EDD5 /* QueryEditor.swift */; };
		1CA2078F24EFCD7600C6EDD5 /* QueryEditor.swift in Sources */ = {isa = PBXBuildFile; fileRef = 1CA2078C24EFCD7600C6EDD5 /* QueryEditor.swift */; };
		1CA2079B24F3DEAC00C6EDD5 /* RSSHub.swift in Sources */ = {isa = PBXBuildFile; fileRef = 1CA2079A24F3DEAC00C6EDD5 /* RSSHub.swift */; };
		1CA2079C24F3DEAC00C6EDD5 /* RSSHub.swift in Sources */ = {isa = PBXBuildFile; fileRef = 1CA2079A24F3DEAC00C6EDD5 /* RSSHub.swift */; };
		1CA2079D24F3DEAC00C6EDD5 /* RSSHub.swift in Sources */ = {isa = PBXBuildFile; fileRef = 1CA2079A24F3DEAC00C6EDD5 /* RSSHub.swift */; };
		1CA2079E24F3DEAC00C6EDD5 /* RSSHub.swift in Sources */ = {isa = PBXBuildFile; fileRef = 1CA2079A24F3DEAC00C6EDD5 /* RSSHub.swift */; };
		1CA854CD25138A1B00EB28F4 /* ValidatedTextField.swift in Sources */ = {isa = PBXBuildFile; fileRef = 1CA854CC25138A1B00EB28F4 /* ValidatedTextField.swift */; };
		1CA854CE25138A1B00EB28F4 /* ValidatedTextField.swift in Sources */ = {isa = PBXBuildFile; fileRef = 1CA854CC25138A1B00EB28F4 /* ValidatedTextField.swift */; };
		1CA854CF25138A1B00EB28F4 /* ValidatedTextField.swift in Sources */ = {isa = PBXBuildFile; fileRef = 1CA854CC25138A1B00EB28F4 /* ValidatedTextField.swift */; };
		1CCCCC08267B90520077E6EC /* BottomBar.swift in Sources */ = {isa = PBXBuildFile; fileRef = 1CCCCC07267B90520077E6EC /* BottomBar.swift */; };
		1CCCCC09267B90520077E6EC /* BottomBar.swift in Sources */ = {isa = PBXBuildFile; fileRef = 1CCCCC07267B90520077E6EC /* BottomBar.swift */; };
		1CCCCC0A267B90520077E6EC /* BottomBar.swift in Sources */ = {isa = PBXBuildFile; fileRef = 1CCCCC07267B90520077E6EC /* BottomBar.swift */; };
		1CCFA7AD268DE6730011190F /* JavaScriptPreprocessingFile.js in Resources */ = {isa = PBXBuildFile; fileRef = 1CCFA7AC268DE6730011190F /* JavaScriptPreprocessingFile.js */; };
		1CDA93FE269B0A3D001A4F4C /* AutoAdvancingProgressView.swift in Sources */ = {isa = PBXBuildFile; fileRef = 1CDA93FD269B0A3D001A4F4C /* AutoAdvancingProgressView.swift */; };
		1CDA93FF269B0A3D001A4F4C /* AutoAdvancingProgressView.swift in Sources */ = {isa = PBXBuildFile; fileRef = 1CDA93FD269B0A3D001A4F4C /* AutoAdvancingProgressView.swift */; };
		1CDA9400269B0A3D001A4F4C /* AutoAdvancingProgressView.swift in Sources */ = {isa = PBXBuildFile; fileRef = 1CDA93FD269B0A3D001A4F4C /* AutoAdvancingProgressView.swift */; };
		1CDB36C82544566D002E84D8 /* OnboardingView.swift in Sources */ = {isa = PBXBuildFile; fileRef = 1CDB36C72544566D002E84D8 /* OnboardingView.swift */; };
		1CDB36C92544566D002E84D8 /* OnboardingView.swift in Sources */ = {isa = PBXBuildFile; fileRef = 1CDB36C72544566D002E84D8 /* OnboardingView.swift */; };
		1CDB36CA2544566D002E84D8 /* OnboardingView.swift in Sources */ = {isa = PBXBuildFile; fileRef = 1CDB36C72544566D002E84D8 /* OnboardingView.swift */; };
		1CDB36F0254AEA74002E84D8 /* Assets.xcassets in Resources */ = {isa = PBXBuildFile; fileRef = EEB7577424B2B6E700F26CF7 /* Assets.xcassets */; };
		1CE03F32257B7EC500F38061 /* RuleManager.swift in Sources */ = {isa = PBXBuildFile; fileRef = 1CE03F31257B7EC500F38061 /* RuleManager.swift */; };
		1CE03F33257B7EC500F38061 /* RuleManager.swift in Sources */ = {isa = PBXBuildFile; fileRef = 1CE03F31257B7EC500F38061 /* RuleManager.swift */; };
		1CE03F34257B7EC500F38061 /* RuleManager.swift in Sources */ = {isa = PBXBuildFile; fileRef = 1CE03F31257B7EC500F38061 /* RuleManager.swift */; };
		1CE03F35257B7EC500F38061 /* RuleManager.swift in Sources */ = {isa = PBXBuildFile; fileRef = 1CE03F31257B7EC500F38061 /* RuleManager.swift */; };
		1CE03F56257C82E200F38061 /* Valet in Frameworks */ = {isa = PBXBuildFile; productRef = 1CE03F55257C82E200F38061 /* Valet */; };
		1CE03F5D257C8C9000F38061 /* Valet in Frameworks */ = {isa = PBXBuildFile; productRef = 1CE03F5C257C8C9000F38061 /* Valet */; };
		1CEB9FE4260E525600694262 /* core.min.js in Resources */ = {isa = PBXBuildFile; fileRef = 1CEB9FE3260E525600694262 /* core.min.js */; };
		1CEB9FE5260E525600694262 /* core.min.js in Resources */ = {isa = PBXBuildFile; fileRef = 1CEB9FE3260E525600694262 /* core.min.js */; };
		1CEB9FE6260E525600694262 /* core.min.js in Resources */ = {isa = PBXBuildFile; fileRef = 1CEB9FE3260E525600694262 /* core.min.js */; };
		1CEB9FE7260E525600694262 /* core.min.js in Resources */ = {isa = PBXBuildFile; fileRef = 1CEB9FE3260E525600694262 /* core.min.js */; };
		EE000A8B24B41E1000979B1A /* radar-rules.js in Resources */ = {isa = PBXBuildFile; fileRef = EE000A8624B41E1000979B1A /* radar-rules.js */; };
		EE000A8C24B41E1000979B1A /* radar-rules.js in Resources */ = {isa = PBXBuildFile; fileRef = EE000A8624B41E1000979B1A /* radar-rules.js */; };
		EE000A9624B41E9600979B1A /* Core.swift in Sources */ = {isa = PBXBuildFile; fileRef = EE000A9524B41E9600979B1A /* Core.swift */; };
		EE000A9724B41E9600979B1A /* Core.swift in Sources */ = {isa = PBXBuildFile; fileRef = EE000A9524B41E9600979B1A /* Core.swift */; };
		EE1ABF0F24E182E200996C06 /* ButtonStyling.swift in Sources */ = {isa = PBXBuildFile; fileRef = EE1ABF0E24E182E200996C06 /* ButtonStyling.swift */; };
		EE1ABF1024E182E200996C06 /* ButtonStyling.swift in Sources */ = {isa = PBXBuildFile; fileRef = EE1ABF0E24E182E200996C06 /* ButtonStyling.swift */; };
		EE3EEAB624E152D20006ED53 /* SettingsView.swift in Sources */ = {isa = PBXBuildFile; fileRef = EE3EEAB524E152D20006ED53 /* SettingsView.swift */; };
		EE3EEAB724E152D20006ED53 /* SettingsView.swift in Sources */ = {isa = PBXBuildFile; fileRef = EE3EEAB524E152D20006ED53 /* SettingsView.swift */; };
		EE7CD90924DD541100FAA837 /* RSSBudTests.swift in Sources */ = {isa = PBXBuildFile; fileRef = EE7CD90824DD541100FAA837 /* RSSBudTests.swift */; };
		EE7CD91224DD547200FAA837 /* Core.swift in Sources */ = {isa = PBXBuildFile; fileRef = EE000A9524B41E9600979B1A /* Core.swift */; };
		EE7CD91524DD547200FAA837 /* radar-rules.js in Resources */ = {isa = PBXBuildFile; fileRef = EE000A8624B41E1000979B1A /* radar-rules.js */; };
		EE7CD91E24DD6FA000FAA837 /* Extensions.swift in Sources */ = {isa = PBXBuildFile; fileRef = EEB7579324B2B7C600F26CF7 /* Extensions.swift */; };
		EEA11F152844906C003F839B /* rssbud-rules.js in Resources */ = {isa = PBXBuildFile; fileRef = EEA11F142844906C003F839B /* rssbud-rules.js */; };
		EEA11F162844906C003F839B /* rssbud-rules.js in Resources */ = {isa = PBXBuildFile; fileRef = EEA11F142844906C003F839B /* rssbud-rules.js */; };
		EEA11F172844906C003F839B /* rssbud-rules.js in Resources */ = {isa = PBXBuildFile; fileRef = EEA11F142844906C003F839B /* rssbud-rules.js */; };
		EEA11F182844906C003F839B /* rssbud-rules.js in Resources */ = {isa = PBXBuildFile; fileRef = EEA11F142844906C003F839B /* rssbud-rules.js */; };
		EEA6AF8926FAA4720044166E /* ErrorView.swift in Sources */ = {isa = PBXBuildFile; fileRef = EEA6AF8826FAA4720044166E /* ErrorView.swift */; };
		EEA6AF8A26FAA4720044166E /* ErrorView.swift in Sources */ = {isa = PBXBuildFile; fileRef = EEA6AF8826FAA4720044166E /* ErrorView.swift */; };
		EEA6AF8B26FAA4720044166E /* ErrorView.swift in Sources */ = {isa = PBXBuildFile; fileRef = EEA6AF8826FAA4720044166E /* ErrorView.swift */; };
		EEB7578524B2B6E700F26CF7 /* App.swift in Sources */ = {isa = PBXBuildFile; fileRef = EEB7577224B2B6E600F26CF7 /* App.swift */; };
		EEB7578624B2B6E700F26CF7 /* App.swift in Sources */ = {isa = PBXBuildFile; fileRef = EEB7577224B2B6E600F26CF7 /* App.swift */; };
		EEB7578724B2B6E700F26CF7 /* ContentView.swift in Sources */ = {isa = PBXBuildFile; fileRef = EEB7577324B2B6E600F26CF7 /* ContentView.swift */; };
		EEB7578824B2B6E700F26CF7 /* ContentView.swift in Sources */ = {isa = PBXBuildFile; fileRef = EEB7577324B2B6E600F26CF7 /* ContentView.swift */; };
		EEB7578924B2B6E700F26CF7 /* Assets.xcassets in Resources */ = {isa = PBXBuildFile; fileRef = EEB7577424B2B6E700F26CF7 /* Assets.xcassets */; };
		EEB7578A24B2B6E700F26CF7 /* Assets.xcassets in Resources */ = {isa = PBXBuildFile; fileRef = EEB7577424B2B6E700F26CF7 /* Assets.xcassets */; };
		EEB7579424B2B7C600F26CF7 /* Extensions.swift in Sources */ = {isa = PBXBuildFile; fileRef = EEB7579324B2B7C600F26CF7 /* Extensions.swift */; };
		EEB7579524B2B7C600F26CF7 /* Extensions.swift in Sources */ = {isa = PBXBuildFile; fileRef = EEB7579324B2B7C600F26CF7 /* Extensions.swift */; };
		EEB7579924B3084A00F26CF7 /* LinkPresentation.swift in Sources */ = {isa = PBXBuildFile; fileRef = EEB7579824B3084A00F26CF7 /* LinkPresentation.swift */; };
		EEB7579A24B3084A00F26CF7 /* LinkPresentation.swift in Sources */ = {isa = PBXBuildFile; fileRef = EEB7579824B3084A00F26CF7 /* LinkPresentation.swift */; };
		EEC4A4FD24E3D032005041CA /* Media.xcassets in Resources */ = {isa = PBXBuildFile; fileRef = EEC4A4FC24E3D032005041CA /* Media.xcassets */; };
		EEC4A4FF24E3D032005041CA /* ActionViewController.swift in Sources */ = {isa = PBXBuildFile; fileRef = EEC4A4FE24E3D032005041CA /* ActionViewController.swift */; };
		EEC4A50624E3D032005041CA /* Action Extension.appex in Embed App Extensions */ = {isa = PBXBuildFile; fileRef = EEC4A4FA24E3D032005041CA /* Action Extension.appex */; settings = {ATTRIBUTES = (RemoveHeadersOnCopy, ); }; };
		EEC4A50F24E3E26D005041CA /* radar-rules.js in Resources */ = {isa = PBXBuildFile; fileRef = EE000A8624B41E1000979B1A /* radar-rules.js */; };
		EEC4A51024E3E26D005041CA /* Core.swift in Sources */ = {isa = PBXBuildFile; fileRef = EE000A9524B41E9600979B1A /* Core.swift */; };
		EEC4A51324E3E287005041CA /* ContentView.swift in Sources */ = {isa = PBXBuildFile; fileRef = EEB7577324B2B6E600F26CF7 /* ContentView.swift */; };
		EEC4A51424E3E29A005041CA /* Extensions.swift in Sources */ = {isa = PBXBuildFile; fileRef = EEB7579324B2B7C600F26CF7 /* Extensions.swift */; };
		EEC4A51524E3E29D005041CA /* LinkPresentation.swift in Sources */ = {isa = PBXBuildFile; fileRef = EEB7579824B3084A00F26CF7 /* LinkPresentation.swift */; };
		EEC4A51624E3E29F005041CA /* SettingsView.swift in Sources */ = {isa = PBXBuildFile; fileRef = EE3EEAB524E152D20006ED53 /* SettingsView.swift */; };
		EEC4A51724E3E2A2005041CA /* ButtonStyling.swift in Sources */ = {isa = PBXBuildFile; fileRef = EE1ABF0E24E182E200996C06 /* ButtonStyling.swift */; };
		EEC4A51B24E516D8005041CA /* RSSBud.swift in Sources */ = {isa = PBXBuildFile; fileRef = EEC4A51A24E516D8005041CA /* RSSBud.swift */; };
		EEC4A51C24E516D8005041CA /* RSSBud.swift in Sources */ = {isa = PBXBuildFile; fileRef = EEC4A51A24E516D8005041CA /* RSSBud.swift */; };
		EEC4A51D24E516D8005041CA /* RSSBud.swift in Sources */ = {isa = PBXBuildFile; fileRef = EEC4A51A24E516D8005041CA /* RSSBud.swift */; };
		EEC4A51E24E516D8005041CA /* RSSBud.swift in Sources */ = {isa = PBXBuildFile; fileRef = EEC4A51A24E516D8005041CA /* RSSBud.swift */; };
		EEC83FF32897526200F14B63 /* empty-rules.js in Resources */ = {isa = PBXBuildFile; fileRef = EEC83FF22897526200F14B63 /* empty-rules.js */; };
		EEC83FF42897526200F14B63 /* empty-rules.js in Resources */ = {isa = PBXBuildFile; fileRef = EEC83FF22897526200F14B63 /* empty-rules.js */; };
		EEC83FF52897526200F14B63 /* empty-rules.js in Resources */ = {isa = PBXBuildFile; fileRef = EEC83FF22897526200F14B63 /* empty-rules.js */; };
		EEC83FF62897526200F14B63 /* empty-rules.js in Resources */ = {isa = PBXBuildFile; fileRef = EEC83FF22897526200F14B63 /* empty-rules.js */; };
/* End PBXBuildFile section */

/* Begin PBXContainerItemProxy section */
		1C6E629A2556BF48006087EF /* PBXContainerItemProxy */ = {
			isa = PBXContainerItemProxy;
			containerPortal = EEB7576D24B2B6E600F26CF7 /* Project object */;
			proxyType = 1;
			remoteGlobalIDString = EEB7577824B2B6E700F26CF7;
			remoteInfo = iOS;
		};
		EE7CD90B24DD541100FAA837 /* PBXContainerItemProxy */ = {
			isa = PBXContainerItemProxy;
			containerPortal = EEB7576D24B2B6E600F26CF7 /* Project object */;
			proxyType = 1;
			remoteGlobalIDString = EEB7577824B2B6E700F26CF7;
			remoteInfo = iOS;
		};
		EEC4A50424E3D032005041CA /* PBXContainerItemProxy */ = {
			isa = PBXContainerItemProxy;
			containerPortal = EEB7576D24B2B6E600F26CF7 /* Project object */;
			proxyType = 1;
			remoteGlobalIDString = EEC4A4F924E3D032005041CA;
			remoteInfo = "Action Extension";
		};
/* End PBXContainerItemProxy section */

/* Begin PBXCopyFilesBuildPhase section */
		EEC4A50724E3D032005041CA /* Embed App Extensions */ = {
			isa = PBXCopyFilesBuildPhase;
			buildActionMask = 2147483647;
			dstPath = "";
			dstSubfolderSpec = 13;
			files = (
				EEC4A50624E3D032005041CA /* Action Extension.appex in Embed App Extensions */,
			);
			name = "Embed App Extensions";
			runOnlyForDeploymentPostprocessing = 0;
		};
/* End PBXCopyFilesBuildPhase section */

/* Begin PBXFileReference section */
		1C007AFA2675DC3B008B7B4C /* Combine+Async.swift */ = {isa = PBXFileReference; lastKnownFileType = sourcecode.swift; path = "Combine+Async.swift"; sourceTree = "<group>"; };
		1C270113250B5BC300595BCE /* LaunchScreen.storyboard */ = {isa = PBXFileReference; lastKnownFileType = file.storyboard; path = LaunchScreen.storyboard; sourceTree = "<group>"; };
		1C2A9AE4257714D4008FD5F7 /* PersistentFile.swift */ = {isa = PBXFileReference; lastKnownFileType = sourcecode.swift; path = PersistentFile.swift; sourceTree = "<group>"; };
		1C3221A125192F6A00CD9F56 /* en */ = {isa = PBXFileReference; lastKnownFileType = text.plist.strings; name = en; path = en.lproj/Localizable.strings; sourceTree = "<group>"; };
		1C3221A725192F6E00CD9F56 /* zh-Hans */ = {isa = PBXFileReference; lastKnownFileType = text.plist.strings; name = "zh-Hans"; path = "zh-Hans.lproj/Localizable.strings"; sourceTree = "<group>"; };
		1C58359D24EA8D9100FB8523 /* Integration.swift */ = {isa = PBXFileReference; lastKnownFileType = sourcecode.swift; path = Integration.swift; sourceTree = "<group>"; };
		1C614E992605EEA800C634C1 /* ExpandableSection.swift */ = {isa = PBXFileReference; lastKnownFileType = sourcecode.swift; path = ExpandableSection.swift; sourceTree = "<group>"; };
		1C6E62952556BF48006087EF /* PromoAssetGeneration.xctest */ = {isa = PBXFileReference; explicitFileType = wrapper.cfbundle; includeInIndex = 0; path = PromoAssetGeneration.xctest; sourceTree = BUILT_PRODUCTS_DIR; };
		1C6E62972556BF48006087EF /* PromoAssetGeneration.swift */ = {isa = PBXFileReference; lastKnownFileType = sourcecode.swift; path = PromoAssetGeneration.swift; sourceTree = "<group>"; };
		1C6E62992556BF48006087EF /* Info.plist */ = {isa = PBXFileReference; lastKnownFileType = text.plist.xml; path = Info.plist; sourceTree = "<group>"; };
		1C6E62A4255706D7006087EF /* PRIVACY_POLICY.md */ = {isa = PBXFileReference; lastKnownFileType = net.daringfireball.markdown; path = PRIVACY_POLICY.md; sourceTree = "<group>"; };
		1C6EE760258CA78900C645F0 /* en */ = {isa = PBXFileReference; lastKnownFileType = text.json; name = en; path = "en.lproj/shortcut-workshop.json"; sourceTree = "<group>"; };
		1C6EE767258CA79400C645F0 /* zh-Hans */ = {isa = PBXFileReference; lastKnownFileType = text.json; name = "zh-Hans"; path = "zh-Hans.lproj/shortcut-workshop.json"; sourceTree = "<group>"; };
		1C6EE769258CA97300C645F0 /* ShortcutWorkshop.swift */ = {isa = PBXFileReference; lastKnownFileType = sourcecode.swift; path = ShortcutWorkshop.swift; sourceTree = "<group>"; };
		1C7D8DAD26B96508000EE4E4 /* StartView.swift */ = {isa = PBXFileReference; lastKnownFileType = sourcecode.swift; path = StartView.swift; sourceTree = "<group>"; };
		1C8221A324EAA73900E139F3 /* FeedView.swift */ = {isa = PBXFileReference; lastKnownFileType = sourcecode.swift; path = FeedView.swift; sourceTree = "<group>"; };
		1C99BE3D259B26AA0073609C /* CustomOpenURL.swift */ = {isa = PBXFileReference; lastKnownFileType = sourcecode.swift; path = CustomOpenURL.swift; sourceTree = "<group>"; };
		1CA2078C24EFCD7600C6EDD5 /* QueryEditor.swift */ = {isa = PBXFileReference; lastKnownFileType = sourcecode.swift; path = QueryEditor.swift; sourceTree = "<group>"; };
		1CA2079A24F3DEAC00C6EDD5 /* RSSHub.swift */ = {isa = PBXFileReference; lastKnownFileType = sourcecode.swift; path = RSSHub.swift; sourceTree = "<group>"; };
		1CA854CC25138A1B00EB28F4 /* ValidatedTextField.swift */ = {isa = PBXFileReference; lastKnownFileType = sourcecode.swift; path = ValidatedTextField.swift; sourceTree = "<group>"; };
		1CCCCC07267B90520077E6EC /* BottomBar.swift */ = {isa = PBXFileReference; lastKnownFileType = sourcecode.swift; path = BottomBar.swift; sourceTree = "<group>"; };
		1CCFA7AC268DE6730011190F /* JavaScriptPreprocessingFile.js */ = {isa = PBXFileReference; lastKnownFileType = sourcecode.javascript; path = JavaScriptPreprocessingFile.js; sourceTree = "<group>"; };
		1CDA93FD269B0A3D001A4F4C /* AutoAdvancingProgressView.swift */ = {isa = PBXFileReference; lastKnownFileType = sourcecode.swift; path = AutoAdvancingProgressView.swift; sourceTree = "<group>"; };
		1CDB36C72544566D002E84D8 /* OnboardingView.swift */ = {isa = PBXFileReference; lastKnownFileType = sourcecode.swift; path = OnboardingView.swift; sourceTree = "<group>"; };
		1CE03F31257B7EC500F38061 /* RuleManager.swift */ = {isa = PBXFileReference; lastKnownFileType = sourcecode.swift; path = RuleManager.swift; sourceTree = "<group>"; };
		1CEB9FE3260E525600694262 /* core.min.js */ = {isa = PBXFileReference; fileEncoding = 4; lastKnownFileType = sourcecode.javascript; path = core.min.js; sourceTree = "<group>"; };
		EE000A8624B41E1000979B1A /* radar-rules.js */ = {isa = PBXFileReference; fileEncoding = 4; lastKnownFileType = sourcecode.javascript; path = "radar-rules.js"; sourceTree = "<group>"; };
		EE000A9524B41E9600979B1A /* Core.swift */ = {isa = PBXFileReference; lastKnownFileType = sourcecode.swift; path = Core.swift; sourceTree = "<group>"; };
		EE1ABF0E24E182E200996C06 /* ButtonStyling.swift */ = {isa = PBXFileReference; lastKnownFileType = sourcecode.swift; path = ButtonStyling.swift; sourceTree = "<group>"; };
		EE3EEAB524E152D20006ED53 /* SettingsView.swift */ = {isa = PBXFileReference; lastKnownFileType = sourcecode.swift; path = SettingsView.swift; sourceTree = "<group>"; };
		EE7CD90624DD541100FAA837 /* RSSBudTests.xctest */ = {isa = PBXFileReference; explicitFileType = wrapper.cfbundle; includeInIndex = 0; path = RSSBudTests.xctest; sourceTree = BUILT_PRODUCTS_DIR; };
		EE7CD90824DD541100FAA837 /* RSSBudTests.swift */ = {isa = PBXFileReference; lastKnownFileType = sourcecode.swift; path = RSSBudTests.swift; sourceTree = "<group>"; };
		EE7CD90A24DD541100FAA837 /* Info.plist */ = {isa = PBXFileReference; lastKnownFileType = text.plist.xml; path = Info.plist; sourceTree = "<group>"; };
		EEA11F142844906C003F839B /* rssbud-rules.js */ = {isa = PBXFileReference; fileEncoding = 4; lastKnownFileType = sourcecode.javascript; path = "rssbud-rules.js"; sourceTree = "<group>"; };
		EEA6AF8826FAA4720044166E /* ErrorView.swift */ = {isa = PBXFileReference; lastKnownFileType = sourcecode.swift; path = ErrorView.swift; sourceTree = "<group>"; };
		EEB7577224B2B6E600F26CF7 /* App.swift */ = {isa = PBXFileReference; lastKnownFileType = sourcecode.swift; path = App.swift; sourceTree = "<group>"; };
		EEB7577324B2B6E600F26CF7 /* ContentView.swift */ = {isa = PBXFileReference; lastKnownFileType = sourcecode.swift; path = ContentView.swift; sourceTree = "<group>"; };
		EEB7577424B2B6E700F26CF7 /* Assets.xcassets */ = {isa = PBXFileReference; lastKnownFileType = folder.assetcatalog; path = Assets.xcassets; sourceTree = "<group>"; };
		EEB7577924B2B6E700F26CF7 /* RSSBud.app */ = {isa = PBXFileReference; explicitFileType = wrapper.application; includeInIndex = 0; path = RSSBud.app; sourceTree = BUILT_PRODUCTS_DIR; };
		EEB7577C24B2B6E700F26CF7 /* Info.plist */ = {isa = PBXFileReference; lastKnownFileType = text.plist.xml; path = Info.plist; sourceTree = "<group>"; };
		EEB7578124B2B6E700F26CF7 /* RSSBud.app */ = {isa = PBXFileReference; explicitFileType = wrapper.application; includeInIndex = 0; path = RSSBud.app; sourceTree = BUILT_PRODUCTS_DIR; };
		EEB7578324B2B6E700F26CF7 /* Info.plist */ = {isa = PBXFileReference; lastKnownFileType = text.plist.xml; path = Info.plist; sourceTree = "<group>"; };
		EEB7578424B2B6E700F26CF7 /* macOS.entitlements */ = {isa = PBXFileReference; lastKnownFileType = text.plist.entitlements; path = macOS.entitlements; sourceTree = "<group>"; };
		EEB7579324B2B7C600F26CF7 /* Extensions.swift */ = {isa = PBXFileReference; lastKnownFileType = sourcecode.swift; path = Extensions.swift; sourceTree = "<group>"; };
		EEB7579824B3084A00F26CF7 /* LinkPresentation.swift */ = {isa = PBXFileReference; lastKnownFileType = sourcecode.swift; path = LinkPresentation.swift; sourceTree = "<group>"; };
		EEC4A4F024E2B8C4005041CA /* README.md */ = {isa = PBXFileReference; lastKnownFileType = net.daringfireball.markdown; path = README.md; sourceTree = SOURCE_ROOT; };
		EEC4A4F224E2B9A8005041CA /* RSSBud.jpg */ = {isa = PBXFileReference; lastKnownFileType = image.jpeg; path = RSSBud.jpg; sourceTree = "<group>"; };
		EEC4A4FA24E3D032005041CA /* Action Extension.appex */ = {isa = PBXFileReference; explicitFileType = "wrapper.app-extension"; includeInIndex = 0; path = "Action Extension.appex"; sourceTree = BUILT_PRODUCTS_DIR; };
		EEC4A4FC24E3D032005041CA /* Media.xcassets */ = {isa = PBXFileReference; lastKnownFileType = folder.assetcatalog; path = Media.xcassets; sourceTree = "<group>"; };
		EEC4A4FE24E3D032005041CA /* ActionViewController.swift */ = {isa = PBXFileReference; lastKnownFileType = sourcecode.swift; path = ActionViewController.swift; sourceTree = "<group>"; };
		EEC4A50324E3D032005041CA /* Info.plist */ = {isa = PBXFileReference; lastKnownFileType = text.plist.xml; path = Info.plist; sourceTree = "<group>"; };
		EEC4A51824E42D61005041CA /* RSSBud.entitlements */ = {isa = PBXFileReference; lastKnownFileType = text.plist.entitlements; path = RSSBud.entitlements; sourceTree = "<group>"; };
		EEC4A51924E5122F005041CA /* Action Extension.entitlements */ = {isa = PBXFileReference; lastKnownFileType = text.plist.entitlements; path = "Action Extension.entitlements"; sourceTree = "<group>"; };
		EEC4A51A24E516D8005041CA /* RSSBud.swift */ = {isa = PBXFileReference; lastKnownFileType = sourcecode.swift; path = RSSBud.swift; sourceTree = "<group>"; };
		EEC83FF22897526200F14B63 /* empty-rules.js */ = {isa = PBXFileReference; lastKnownFileType = sourcecode.javascript; path = "empty-rules.js"; sourceTree = "<group>"; };
/* End PBXFileReference section */

/* Begin PBXFrameworksBuildPhase section */
		1C6E62922556BF48006087EF /* Frameworks */ = {
			isa = PBXFrameworksBuildPhase;
			buildActionMask = 2147483647;
			files = (
			);
			runOnlyForDeploymentPostprocessing = 0;
		};
		EE7CD90324DD541100FAA837 /* Frameworks */ = {
			isa = PBXFrameworksBuildPhase;
			buildActionMask = 2147483647;
			files = (
			);
			runOnlyForDeploymentPostprocessing = 0;
		};
		EEB7577624B2B6E700F26CF7 /* Frameworks */ = {
			isa = PBXFrameworksBuildPhase;
			buildActionMask = 2147483647;
			files = (
				1CE03F56257C82E200F38061 /* Valet in Frameworks */,
				1C99BE48259B35EC0073609C /* BetterSafariView in Frameworks */,
			);
			runOnlyForDeploymentPostprocessing = 0;
		};
		EEB7577E24B2B6E700F26CF7 /* Frameworks */ = {
			isa = PBXFrameworksBuildPhase;
			buildActionMask = 2147483647;
			files = (
			);
			runOnlyForDeploymentPostprocessing = 0;
		};
		EEC4A4F724E3D032005041CA /* Frameworks */ = {
			isa = PBXFrameworksBuildPhase;
			buildActionMask = 2147483647;
			files = (
				1CE03F5D257C8C9000F38061 /* Valet in Frameworks */,
				1C99BE4F259B35F30073609C /* BetterSafariView in Frameworks */,
			);
			runOnlyForDeploymentPostprocessing = 0;
		};
/* End PBXFrameworksBuildPhase section */

/* Begin PBXGroup section */
		1C6E62962556BF48006087EF /* PromoAssetGeneration */ = {
			isa = PBXGroup;
			children = (
				1C6E62972556BF48006087EF /* PromoAssetGeneration.swift */,
				1C6E62992556BF48006087EF /* Info.plist */,
			);
			path = PromoAssetGeneration;
			sourceTree = "<group>";
		};
		1C6EE752258CA64300C645F0 /* Shortcut Workshop */ = {
			isa = PBXGroup;
			children = (
				1C6EE761258CA78900C645F0 /* shortcut-workshop.json */,
				1C6EE769258CA97300C645F0 /* ShortcutWorkshop.swift */,
			);
			path = "Shortcut Workshop";
			sourceTree = "<group>";
		};
		1C99BE2D259B25360073609C /* Extensions */ = {
			isa = PBXGroup;
			children = (
				1C2A9AE4257714D4008FD5F7 /* PersistentFile.swift */,
				EEB7579324B2B7C600F26CF7 /* Extensions.swift */,
				EEB7579824B3084A00F26CF7 /* LinkPresentation.swift */,
				EE1ABF0E24E182E200996C06 /* ButtonStyling.swift */,
				1CA854CC25138A1B00EB28F4 /* ValidatedTextField.swift */,
				1C99BE3D259B26AA0073609C /* CustomOpenURL.swift */,
				1C614E992605EEA800C634C1 /* ExpandableSection.swift */,
				1C007AFA2675DC3B008B7B4C /* Combine+Async.swift */,
				1CDA93FD269B0A3D001A4F4C /* AutoAdvancingProgressView.swift */,
			);
			path = Extensions;
			sourceTree = "<group>";
		};
		EE000A7624B41CAA00979B1A /* Core */ = {
			isa = PBXGroup;
			children = (
				EE000A8624B41E1000979B1A /* radar-rules.js */,
				EEA11F142844906C003F839B /* rssbud-rules.js */,
				EE000A9524B41E9600979B1A /* Core.swift */,
				1CEB9FE3260E525600694262 /* core.min.js */,
				EEC83FF22897526200F14B63 /* empty-rules.js */,
			);
			path = Core;
			sourceTree = "<group>";
		};
		EE7CD90724DD541100FAA837 /* RSSBudTests */ = {
			isa = PBXGroup;
			children = (
				EE7CD90824DD541100FAA837 /* RSSBudTests.swift */,
				EE7CD90A24DD541100FAA837 /* Info.plist */,
			);
			path = RSSBudTests;
			sourceTree = "<group>";
		};
		EEB7576C24B2B6E600F26CF7 = {
			isa = PBXGroup;
			children = (
				EEC4A4F024E2B8C4005041CA /* README.md */,
				1C6E62A4255706D7006087EF /* PRIVACY_POLICY.md */,
				EEB7579624B2EA6D00F26CF7 /* Playgrounds */,
				EEB7577124B2B6E600F26CF7 /* Shared */,
				EEB7577B24B2B6E700F26CF7 /* iOS */,
				EEB7578224B2B6E700F26CF7 /* macOS */,
				EE7CD90724DD541100FAA837 /* RSSBudTests */,
				EEC4A4F124E2B91A005041CA /* Readme Assets */,
				EEC4A4FB24E3D032005041CA /* Action Extension */,
				1C6E62962556BF48006087EF /* PromoAssetGeneration */,
				EEB7577A24B2B6E700F26CF7 /* Products */,
				EEF0A67E24B4730E0038A301 /* Frameworks */,
			);
			sourceTree = "<group>";
		};
		EEB7577124B2B6E600F26CF7 /* Shared */ = {
			isa = PBXGroup;
			children = (
				EE000A7624B41CAA00979B1A /* Core */,
				1C99BE2D259B25360073609C /* Extensions */,
				1C6EE752258CA64300C645F0 /* Shortcut Workshop */,
				EEC4A51A24E516D8005041CA /* RSSBud.swift */,
				1CA2079A24F3DEAC00C6EDD5 /* RSSHub.swift */,
				1CE03F31257B7EC500F38061 /* RuleManager.swift */,
				1C58359D24EA8D9100FB8523 /* Integration.swift */,
				EEB7577224B2B6E600F26CF7 /* App.swift */,
				EEB7577324B2B6E600F26CF7 /* ContentView.swift */,
				1C7D8DAD26B96508000EE4E4 /* StartView.swift */,
				1CDB36C72544566D002E84D8 /* OnboardingView.swift */,
				1C8221A324EAA73900E139F3 /* FeedView.swift */,
				1CA2078C24EFCD7600C6EDD5 /* QueryEditor.swift */,
				EEB7577424B2B6E700F26CF7 /* Assets.xcassets */,
				EE3EEAB524E152D20006ED53 /* SettingsView.swift */,
				1C3221A225192F6A00CD9F56 /* Localizable.strings */,
				1CCCCC07267B90520077E6EC /* BottomBar.swift */,
				EEA6AF8826FAA4720044166E /* ErrorView.swift */,
			);
			path = Shared;
			sourceTree = "<group>";
		};
		EEB7577A24B2B6E700F26CF7 /* Products */ = {
			isa = PBXGroup;
			children = (
				EEB7577924B2B6E700F26CF7 /* RSSBud.app */,
				EEB7578124B2B6E700F26CF7 /* RSSBud.app */,
				EE7CD90624DD541100FAA837 /* RSSBudTests.xctest */,
				EEC4A4FA24E3D032005041CA /* Action Extension.appex */,
				1C6E62952556BF48006087EF /* PromoAssetGeneration.xctest */,
			);
			name = Products;
			sourceTree = "<group>";
		};
		EEB7577B24B2B6E700F26CF7 /* iOS */ = {
			isa = PBXGroup;
			children = (
				EEC4A51824E42D61005041CA /* RSSBud.entitlements */,
				EEB7577C24B2B6E700F26CF7 /* Info.plist */,
				1C270113250B5BC300595BCE /* LaunchScreen.storyboard */,
			);
			path = iOS;
			sourceTree = "<group>";
		};
		EEB7578224B2B6E700F26CF7 /* macOS */ = {
			isa = PBXGroup;
			children = (
				EEB7578324B2B6E700F26CF7 /* Info.plist */,
				EEB7578424B2B6E700F26CF7 /* macOS.entitlements */,
			);
			path = macOS;
			sourceTree = "<group>";
		};
		EEB7579624B2EA6D00F26CF7 /* Playgrounds */ = {
			isa = PBXGroup;
			children = (
			);
			path = Playgrounds;
			sourceTree = "<group>";
		};
		EEC4A4F124E2B91A005041CA /* Readme Assets */ = {
			isa = PBXGroup;
			children = (
				EEC4A4F224E2B9A8005041CA /* RSSBud.jpg */,
			);
			path = "Readme Assets";
			sourceTree = "<group>";
		};
		EEC4A4FB24E3D032005041CA /* Action Extension */ = {
			isa = PBXGroup;
			children = (
				EEC4A51924E5122F005041CA /* Action Extension.entitlements */,
				EEC4A4FC24E3D032005041CA /* Media.xcassets */,
				EEC4A4FE24E3D032005041CA /* ActionViewController.swift */,
				EEC4A50324E3D032005041CA /* Info.plist */,
				1CCFA7AC268DE6730011190F /* JavaScriptPreprocessingFile.js */,
			);
			path = "Action Extension";
			sourceTree = "<group>";
		};
		EEF0A67E24B4730E0038A301 /* Frameworks */ = {
			isa = PBXGroup;
			children = (
			);
			name = Frameworks;
			sourceTree = "<group>";
		};
/* End PBXGroup section */

/* Begin PBXNativeTarget section */
		1C6E62942556BF48006087EF /* PromoAssetGeneration */ = {
			isa = PBXNativeTarget;
			buildConfigurationList = 1C6E629E2556BF48006087EF /* Build configuration list for PBXNativeTarget "PromoAssetGeneration" */;
			buildPhases = (
				1C6E62912556BF48006087EF /* Sources */,
				1C6E62922556BF48006087EF /* Frameworks */,
				1C6E62932556BF48006087EF /* Resources */,
			);
			buildRules = (
			);
			dependencies = (
				1C6E629B2556BF48006087EF /* PBXTargetDependency */,
			);
			name = PromoAssetGeneration;
			productName = PromoAssetGeneration;
			productReference = 1C6E62952556BF48006087EF /* PromoAssetGeneration.xctest */;
			productType = "com.apple.product-type.bundle.ui-testing";
		};
		EE7CD90524DD541100FAA837 /* RSSBudTests */ = {
			isa = PBXNativeTarget;
			buildConfigurationList = EE7CD90D24DD541100FAA837 /* Build configuration list for PBXNativeTarget "RSSBudTests" */;
			buildPhases = (
				EE7CD90224DD541100FAA837 /* Sources */,
				EE7CD90324DD541100FAA837 /* Frameworks */,
				EE7CD90424DD541100FAA837 /* Resources */,
			);
			buildRules = (
			);
			dependencies = (
				EE7CD90C24DD541100FAA837 /* PBXTargetDependency */,
			);
			name = RSSBudTests;
			productName = RSSBudTests;
			productReference = EE7CD90624DD541100FAA837 /* RSSBudTests.xctest */;
			productType = "com.apple.product-type.bundle.unit-test";
		};
		EEB7577824B2B6E700F26CF7 /* iOS */ = {
			isa = PBXNativeTarget;
			buildConfigurationList = EEB7578D24B2B6E700F26CF7 /* Build configuration list for PBXNativeTarget "iOS" */;
			buildPhases = (
				EEB7577524B2B6E700F26CF7 /* Sources */,
				EEB7577624B2B6E700F26CF7 /* Frameworks */,
				EEB7577724B2B6E700F26CF7 /* Resources */,
				EEC4A50724E3D032005041CA /* Embed App Extensions */,
			);
			buildRules = (
			);
			dependencies = (
				EEC4A50524E3D032005041CA /* PBXTargetDependency */,
			);
			name = iOS;
			packageProductDependencies = (
				1CE03F55257C82E200F38061 /* Valet */,
				1C99BE47259B35EC0073609C /* BetterSafariView */,
			);
			productName = iOS;
			productReference = EEB7577924B2B6E700F26CF7 /* RSSBud.app */;
			productType = "com.apple.product-type.application";
		};
		EEB7578024B2B6E700F26CF7 /* macOS */ = {
			isa = PBXNativeTarget;
			buildConfigurationList = EEB7579024B2B6E700F26CF7 /* Build configuration list for PBXNativeTarget "macOS" */;
			buildPhases = (
				EEB7577D24B2B6E700F26CF7 /* Sources */,
				EEB7577E24B2B6E700F26CF7 /* Frameworks */,
				EEB7577F24B2B6E700F26CF7 /* Resources */,
			);
			buildRules = (
			);
			dependencies = (
			);
			name = macOS;
			packageProductDependencies = (
			);
			productName = macOS;
			productReference = EEB7578124B2B6E700F26CF7 /* RSSBud.app */;
			productType = "com.apple.product-type.application";
		};
		EEC4A4F924E3D032005041CA /* Action Extension */ = {
			isa = PBXNativeTarget;
			buildConfigurationList = EEC4A50A24E3D032005041CA /* Build configuration list for PBXNativeTarget "Action Extension" */;
			buildPhases = (
				1CEB9FFC260E592A00694262 /* Build Core */,
				EEC4A4F624E3D032005041CA /* Sources */,
				EEC4A4F724E3D032005041CA /* Frameworks */,
				EEC4A4F824E3D032005041CA /* Resources */,
			);
			buildRules = (
			);
			dependencies = (
			);
			name = "Action Extension";
			packageProductDependencies = (
				1CE03F5C257C8C9000F38061 /* Valet */,
				1C99BE4E259B35F30073609C /* BetterSafariView */,
			);
			productName = "Action Extension";
			productReference = EEC4A4FA24E3D032005041CA /* Action Extension.appex */;
			productType = "com.apple.product-type.app-extension";
		};
/* End PBXNativeTarget section */

/* Begin PBXProject section */
		EEB7576D24B2B6E600F26CF7 /* Project object */ = {
			isa = PBXProject;
			attributes = {
				LastSwiftUpdateCheck = 1210;
				LastUpgradeCheck = 1240;
				TargetAttributes = {
					1C6E62942556BF48006087EF = {
						CreatedOnToolsVersion = 12.1;
						TestTargetID = EEB7577824B2B6E700F26CF7;
					};
					EE7CD90524DD541100FAA837 = {
						CreatedOnToolsVersion = 12.0;
						TestTargetID = EEB7577824B2B6E700F26CF7;
					};
					EEB7577824B2B6E700F26CF7 = {
						CreatedOnToolsVersion = 12.0;
					};
					EEB7578024B2B6E700F26CF7 = {
						CreatedOnToolsVersion = 12.0;
					};
					EEC4A4F924E3D032005041CA = {
						CreatedOnToolsVersion = 12.0;
					};
				};
			};
			buildConfigurationList = EEB7577024B2B6E600F26CF7 /* Build configuration list for PBXProject "RSSBud" */;
			compatibilityVersion = "Xcode 9.3";
			developmentRegion = en;
			hasScannedForEncodings = 0;
			knownRegions = (
				en,
				Base,
				"zh-Hans",
			);
			mainGroup = EEB7576C24B2B6E600F26CF7;
			packageReferences = (
				1CE03F54257C82E200F38061 /* XCRemoteSwiftPackageReference "Valet" */,
				1C99BE46259B35EC0073609C /* XCRemoteSwiftPackageReference "BetterSafariView" */,
			);
			productRefGroup = EEB7577A24B2B6E700F26CF7 /* Products */;
			projectDirPath = "";
			projectRoot = "";
			targets = (
				EEB7577824B2B6E700F26CF7 /* iOS */,
				EEB7578024B2B6E700F26CF7 /* macOS */,
				EE7CD90524DD541100FAA837 /* RSSBudTests */,
				EEC4A4F924E3D032005041CA /* Action Extension */,
				1C6E62942556BF48006087EF /* PromoAssetGeneration */,
			);
		};
/* End PBXProject section */

/* Begin PBXResourcesBuildPhase section */
		1C6E62932556BF48006087EF /* Resources */ = {
			isa = PBXResourcesBuildPhase;
			buildActionMask = 2147483647;
			files = (
			);
			runOnlyForDeploymentPostprocessing = 0;
		};
		EE7CD90424DD541100FAA837 /* Resources */ = {
			isa = PBXResourcesBuildPhase;
			buildActionMask = 2147483647;
			files = (
				EEC83FF52897526200F14B63 /* empty-rules.js in Resources */,
				EE7CD91524DD547200FAA837 /* radar-rules.js in Resources */,
				1CEB9FE6260E525600694262 /* core.min.js in Resources */,
				EEA11F172844906C003F839B /* rssbud-rules.js in Resources */,
			);
			runOnlyForDeploymentPostprocessing = 0;
		};
		EEB7577724B2B6E700F26CF7 /* Resources */ = {
			isa = PBXResourcesBuildPhase;
			buildActionMask = 2147483647;
			files = (
				EEC83FF32897526200F14B63 /* empty-rules.js in Resources */,
				1C270114250B5BC300595BCE /* LaunchScreen.storyboard in Resources */,
				1C32219E25192F6A00CD9F56 /* Localizable.strings in Resources */,
				1C6EE75D258CA78900C645F0 /* shortcut-workshop.json in Resources */,
				EEA11F152844906C003F839B /* rssbud-rules.js in Resources */,
				EEB7578924B2B6E700F26CF7 /* Assets.xcassets in Resources */,
				EE000A8B24B41E1000979B1A /* radar-rules.js in Resources */,
				1CEB9FE4260E525600694262 /* core.min.js in Resources */,
			);
			runOnlyForDeploymentPostprocessing = 0;
		};
		EEB7577F24B2B6E700F26CF7 /* Resources */ = {
			isa = PBXResourcesBuildPhase;
			buildActionMask = 2147483647;
			files = (
				1C6EE75E258CA78900C645F0 /* shortcut-workshop.json in Resources */,
				1C32219F25192F6A00CD9F56 /* Localizable.strings in Resources */,
				1CEB9FE5260E525600694262 /* core.min.js in Resources */,
				EEB7578A24B2B6E700F26CF7 /* Assets.xcassets in Resources */,
				EEC83FF42897526200F14B63 /* empty-rules.js in Resources */,
				EE000A8C24B41E1000979B1A /* radar-rules.js in Resources */,
				EEA11F162844906C003F839B /* rssbud-rules.js in Resources */,
			);
			runOnlyForDeploymentPostprocessing = 0;
		};
		EEC4A4F824E3D032005041CA /* Resources */ = {
			isa = PBXResourcesBuildPhase;
			buildActionMask = 2147483647;
			files = (
				EEC4A50F24E3E26D005041CA /* radar-rules.js in Resources */,
				1C3221A025192F6A00CD9F56 /* Localizable.strings in Resources */,
				1CCFA7AD268DE6730011190F /* JavaScriptPreprocessingFile.js in Resources */,
				EEC4A4FD24E3D032005041CA /* Media.xcassets in Resources */,
				1CDB36F0254AEA74002E84D8 /* Assets.xcassets in Resources */,
				EEC83FF62897526200F14B63 /* empty-rules.js in Resources */,
				EEA11F182844906C003F839B /* rssbud-rules.js in Resources */,
				1C6EE75F258CA78900C645F0 /* shortcut-workshop.json in Resources */,
				1CEB9FE7260E525600694262 /* core.min.js in Resources */,
			);
			runOnlyForDeploymentPostprocessing = 0;
		};
/* End PBXResourcesBuildPhase section */

/* Begin PBXShellScriptBuildPhase section */
		1CEB9FFC260E592A00694262 /* Build Core */ = {
			isa = PBXShellScriptBuildPhase;
			buildActionMask = 2147483647;
			files = (
			);
			inputFileListPaths = (
			);
			inputPaths = (
				"$(SRCROOT)/Shared/Core/src/",
				"$(SRCROOT)/Shared/Core/package.json",
				"$(SRCROOT)/Shared/Core/package-lock.json",
			);
			name = "Build Core";
			outputFileListPaths = (
			);
			outputPaths = (
				"$(SRCROOT)/Shared/Core/core.min.js",
			);
			runOnlyForDeploymentPostprocessing = 0;
			shellPath = /bin/sh;
			shellScript = "# Type a script or drag a script file from your workspace to insert its path.\nset -e\n\ncd \"./Shared/Core/\"  \nif ! which npm > /dev/null; then\n  echo \"error: npm is missing\"\n  exit 1\nfi\n\nnpm run build-inc\n";
		};
/* End PBXShellScriptBuildPhase section */

/* Begin PBXSourcesBuildPhase section */
		1C6E62912556BF48006087EF /* Sources */ = {
			isa = PBXSourcesBuildPhase;
			buildActionMask = 2147483647;
			files = (
				1C6E62982556BF48006087EF /* PromoAssetGeneration.swift in Sources */,
			);
			runOnlyForDeploymentPostprocessing = 0;
		};
		EE7CD90224DD541100FAA837 /* Sources */ = {
			isa = PBXSourcesBuildPhase;
			buildActionMask = 2147483647;
			files = (
				EE7CD91E24DD6FA000FAA837 /* Extensions.swift in Sources */,
				1C5835A024EA8D9100FB8523 /* Integration.swift in Sources */,
				1C2A9AE7257714D4008FD5F7 /* PersistentFile.swift in Sources */,
				1C007AFE2675DDBE008B7B4C /* Combine+Async.swift in Sources */,
				EE7CD91224DD547200FAA837 /* Core.swift in Sources */,
				EEC4A51D24E516D8005041CA /* RSSBud.swift in Sources */,
				1CA2079D24F3DEAC00C6EDD5 /* RSSHub.swift in Sources */,
				EE7CD90924DD541100FAA837 /* RSSBudTests.swift in Sources */,
				1CE03F34257B7EC500F38061 /* RuleManager.swift in Sources */,
			);
			runOnlyForDeploymentPostprocessing = 0;
		};
		EEB7577524B2B6E700F26CF7 /* Sources */ = {
			isa = PBXSourcesBuildPhase;
			buildActionMask = 2147483647;
			files = (
				1C8221A424EAA73900E139F3 /* FeedView.swift in Sources */,
				1CA2078D24EFCD7600C6EDD5 /* QueryEditor.swift in Sources */,
				1C99BE3E259B26AA0073609C /* CustomOpenURL.swift in Sources */,
				1C6EE76A258CA97300C645F0 /* ShortcutWorkshop.swift in Sources */,
				EEB7579424B2B7C600F26CF7 /* Extensions.swift in Sources */,
				EEB7578724B2B6E700F26CF7 /* ContentView.swift in Sources */,
				1C58359E24EA8D9100FB8523 /* Integration.swift in Sources */,
				EEA6AF8926FAA4720044166E /* ErrorView.swift in Sources */,
				EEC4A51B24E516D8005041CA /* RSSBud.swift in Sources */,
				1C7D8DAE26B96509000EE4E4 /* StartView.swift in Sources */,
				1CCCCC08267B90520077E6EC /* BottomBar.swift in Sources */,
				EEB7578524B2B6E700F26CF7 /* App.swift in Sources */,
				EE3EEAB624E152D20006ED53 /* SettingsView.swift in Sources */,
				1CA854CD25138A1B00EB28F4 /* ValidatedTextField.swift in Sources */,
				1CDA93FE269B0A3D001A4F4C /* AutoAdvancingProgressView.swift in Sources */,
				1C007AFB2675DC3B008B7B4C /* Combine+Async.swift in Sources */,
				EEB7579924B3084A00F26CF7 /* LinkPresentation.swift in Sources */,
				1C2A9AE5257714D4008FD5F7 /* PersistentFile.swift in Sources */,
				EE000A9624B41E9600979B1A /* Core.swift in Sources */,
				1CA2079B24F3DEAC00C6EDD5 /* RSSHub.swift in Sources */,
				EE1ABF0F24E182E200996C06 /* ButtonStyling.swift in Sources */,
				1C614E9A2605EEA800C634C1 /* ExpandableSection.swift in Sources */,
				1CDB36C82544566D002E84D8 /* OnboardingView.swift in Sources */,
				1CE03F32257B7EC500F38061 /* RuleManager.swift in Sources */,
			);
			runOnlyForDeploymentPostprocessing = 0;
		};
		EEB7577D24B2B6E700F26CF7 /* Sources */ = {
			isa = PBXSourcesBuildPhase;
			buildActionMask = 2147483647;
			files = (
				1C8221A524EAA73900E139F3 /* FeedView.swift in Sources */,
				1CA2078E24EFCD7600C6EDD5 /* QueryEditor.swift in Sources */,
				1C99BE3F259B26AA0073609C /* CustomOpenURL.swift in Sources */,
				1C6EE76B258CA97300C645F0 /* ShortcutWorkshop.swift in Sources */,
				EEB7579524B2B7C600F26CF7 /* Extensions.swift in Sources */,
				EEB7578824B2B6E700F26CF7 /* ContentView.swift in Sources */,
				1C58359F24EA8D9100FB8523 /* Integration.swift in Sources */,
				EEA6AF8A26FAA4720044166E /* ErrorView.swift in Sources */,
				EEC4A51C24E516D8005041CA /* RSSBud.swift in Sources */,
				1C7D8DAF26B96509000EE4E4 /* StartView.swift in Sources */,
				1CCCCC09267B90520077E6EC /* BottomBar.swift in Sources */,
				EEB7578624B2B6E700F26CF7 /* App.swift in Sources */,
				EE3EEAB724E152D20006ED53 /* SettingsView.swift in Sources */,
				1CA854CE25138A1B00EB28F4 /* ValidatedTextField.swift in Sources */,
				1CDA93FF269B0A3D001A4F4C /* AutoAdvancingProgressView.swift in Sources */,
				1C007AFC2675DC3B008B7B4C /* Combine+Async.swift in Sources */,
				EEB7579A24B3084A00F26CF7 /* LinkPresentation.swift in Sources */,
				1C2A9AE6257714D4008FD5F7 /* PersistentFile.swift in Sources */,
				EE000A9724B41E9600979B1A /* Core.swift in Sources */,
				1CA2079C24F3DEAC00C6EDD5 /* RSSHub.swift in Sources */,
				EE1ABF1024E182E200996C06 /* ButtonStyling.swift in Sources */,
				1C614E9B2605EEA800C634C1 /* ExpandableSection.swift in Sources */,
				1CDB36C92544566D002E84D8 /* OnboardingView.swift in Sources */,
				1CE03F33257B7EC500F38061 /* RuleManager.swift in Sources */,
			);
			runOnlyForDeploymentPostprocessing = 0;
		};
		EEC4A4F624E3D032005041CA /* Sources */ = {
			isa = PBXSourcesBuildPhase;
			buildActionMask = 2147483647;
			files = (
				1C8221A624EAA73900E139F3 /* FeedView.swift in Sources */,
				1CA2078F24EFCD7600C6EDD5 /* QueryEditor.swift in Sources */,
				1C99BE40259B26AA0073609C /* CustomOpenURL.swift in Sources */,
				1C6EE76C258CA97300C645F0 /* ShortcutWorkshop.swift in Sources */,
				EEC4A51024E3E26D005041CA /* Core.swift in Sources */,
				EEC4A51424E3E29A005041CA /* Extensions.swift in Sources */,
				1C5835A124EA8D9100FB8523 /* Integration.swift in Sources */,
				EEC4A51E24E516D8005041CA /* RSSBud.swift in Sources */,
				EEA6AF8B26FAA4720044166E /* ErrorView.swift in Sources */,
				1CCCCC0A267B90520077E6EC /* BottomBar.swift in Sources */,
				EEC4A4FF24E3D032005041CA /* ActionViewController.swift in Sources */,
				EEC4A51624E3E29F005041CA /* SettingsView.swift in Sources */,
				1CA854CF25138A1B00EB28F4 /* ValidatedTextField.swift in Sources */,
				1CDA9400269B0A3D001A4F4C /* AutoAdvancingProgressView.swift in Sources */,
				1C007AFD2675DC3B008B7B4C /* Combine+Async.swift in Sources */,
				EEC4A51324E3E287005041CA /* ContentView.swift in Sources */,
				1C2A9AE8257714D4008FD5F7 /* PersistentFile.swift in Sources */,
				EEC4A51524E3E29D005041CA /* LinkPresentation.swift in Sources */,
				1CA2079E24F3DEAC00C6EDD5 /* RSSHub.swift in Sources */,
				EEC4A51724E3E2A2005041CA /* ButtonStyling.swift in Sources */,
				1C614E9C2605EEA800C634C1 /* ExpandableSection.swift in Sources */,
				1CDB36CA2544566D002E84D8 /* OnboardingView.swift in Sources */,
				1CE03F35257B7EC500F38061 /* RuleManager.swift in Sources */,
			);
			runOnlyForDeploymentPostprocessing = 0;
		};
/* End PBXSourcesBuildPhase section */

/* Begin PBXTargetDependency section */
		1C6E629B2556BF48006087EF /* PBXTargetDependency */ = {
			isa = PBXTargetDependency;
			target = EEB7577824B2B6E700F26CF7 /* iOS */;
			targetProxy = 1C6E629A2556BF48006087EF /* PBXContainerItemProxy */;
		};
		EE7CD90C24DD541100FAA837 /* PBXTargetDependency */ = {
			isa = PBXTargetDependency;
			target = EEB7577824B2B6E700F26CF7 /* iOS */;
			targetProxy = EE7CD90B24DD541100FAA837 /* PBXContainerItemProxy */;
		};
		EEC4A50524E3D032005041CA /* PBXTargetDependency */ = {
			isa = PBXTargetDependency;
			target = EEC4A4F924E3D032005041CA /* Action Extension */;
			targetProxy = EEC4A50424E3D032005041CA /* PBXContainerItemProxy */;
		};
/* End PBXTargetDependency section */

/* Begin PBXVariantGroup section */
		1C3221A225192F6A00CD9F56 /* Localizable.strings */ = {
			isa = PBXVariantGroup;
			children = (
				1C3221A125192F6A00CD9F56 /* en */,
				1C3221A725192F6E00CD9F56 /* zh-Hans */,
			);
			name = Localizable.strings;
			sourceTree = "<group>";
		};
		1C6EE761258CA78900C645F0 /* shortcut-workshop.json */ = {
			isa = PBXVariantGroup;
			children = (
				1C6EE760258CA78900C645F0 /* en */,
				1C6EE767258CA79400C645F0 /* zh-Hans */,
			);
			name = "shortcut-workshop.json";
			sourceTree = "<group>";
		};
/* End PBXVariantGroup section */

/* Begin XCBuildConfiguration section */
		1C6E629C2556BF48006087EF /* Debug */ = {
			isa = XCBuildConfiguration;
			buildSettings = {
				CODE_SIGN_STYLE = Automatic;
				DEVELOPMENT_TEAM = 459NR5CZG8;
				INFOPLIST_FILE = PromoAssetGeneration/Info.plist;
				IPHONEOS_DEPLOYMENT_TARGET = 15.0;
				LD_RUNPATH_SEARCH_PATHS = (
					"$(inherited)",
					"@executable_path/Frameworks",
					"@loader_path/Frameworks",
				);
				PRODUCT_BUNDLE_IDENTIFIER = me.CayZhang.RSSBud.PromoAssetGeneration;
				PRODUCT_NAME = "$(TARGET_NAME)";
				SDKROOT = iphoneos;
				SWIFT_VERSION = 5.0;
				TARGETED_DEVICE_FAMILY = "1,2";
				TEST_TARGET_NAME = iOS;
			};
			name = Debug;
		};
		1C6E629D2556BF48006087EF /* Release */ = {
			isa = XCBuildConfiguration;
			buildSettings = {
				CODE_SIGN_STYLE = Automatic;
				DEVELOPMENT_TEAM = 459NR5CZG8;
				INFOPLIST_FILE = PromoAssetGeneration/Info.plist;
				IPHONEOS_DEPLOYMENT_TARGET = 15.0;
				LD_RUNPATH_SEARCH_PATHS = (
					"$(inherited)",
					"@executable_path/Frameworks",
					"@loader_path/Frameworks",
				);
				PRODUCT_BUNDLE_IDENTIFIER = me.CayZhang.RSSBud.PromoAssetGeneration;
				PRODUCT_NAME = "$(TARGET_NAME)";
				SDKROOT = iphoneos;
				SWIFT_VERSION = 5.0;
				TARGETED_DEVICE_FAMILY = "1,2";
				TEST_TARGET_NAME = iOS;
				VALIDATE_PRODUCT = YES;
			};
			name = Release;
		};
		EE7CD90E24DD541100FAA837 /* Debug */ = {
			isa = XCBuildConfiguration;
			buildSettings = {
				BUNDLE_LOADER = "$(TEST_HOST)";
				CODE_SIGN_STYLE = Automatic;
				DEVELOPMENT_TEAM = 459NR5CZG8;
				INFOPLIST_FILE = RSSBudTests/Info.plist;
				IPHONEOS_DEPLOYMENT_TARGET = 15.0;
				LD_RUNPATH_SEARCH_PATHS = (
					"$(inherited)",
					"@executable_path/Frameworks",
					"@loader_path/Frameworks",
				);
				PRODUCT_BUNDLE_IDENTIFIER = cayZ.RSSBudTests;
				PRODUCT_NAME = "$(TARGET_NAME)";
				SDKROOT = iphoneos;
				SWIFT_VERSION = 5.0;
				TARGETED_DEVICE_FAMILY = "1,2";
				TEST_HOST = "$(BUILT_PRODUCTS_DIR)/RSSBud.app/RSSBud";
			};
			name = Debug;
		};
		EE7CD90F24DD541100FAA837 /* Release */ = {
			isa = XCBuildConfiguration;
			buildSettings = {
				BUNDLE_LOADER = "$(TEST_HOST)";
				CODE_SIGN_STYLE = Automatic;
				DEVELOPMENT_TEAM = 459NR5CZG8;
				INFOPLIST_FILE = RSSBudTests/Info.plist;
				IPHONEOS_DEPLOYMENT_TARGET = 15.0;
				LD_RUNPATH_SEARCH_PATHS = (
					"$(inherited)",
					"@executable_path/Frameworks",
					"@loader_path/Frameworks",
				);
				PRODUCT_BUNDLE_IDENTIFIER = cayZ.RSSBudTests;
				PRODUCT_NAME = "$(TARGET_NAME)";
				SDKROOT = iphoneos;
				SWIFT_VERSION = 5.0;
				TARGETED_DEVICE_FAMILY = "1,2";
				TEST_HOST = "$(BUILT_PRODUCTS_DIR)/RSSBud.app/RSSBud";
				VALIDATE_PRODUCT = YES;
			};
			name = Release;
		};
		EEB7578B24B2B6E700F26CF7 /* Debug */ = {
			isa = XCBuildConfiguration;
			buildSettings = {
				ALWAYS_SEARCH_USER_PATHS = NO;
				CLANG_ANALYZER_LOCALIZABILITY_NONLOCALIZED = YES;
				CLANG_ANALYZER_NONNULL = YES;
				CLANG_ANALYZER_NUMBER_OBJECT_CONVERSION = YES_AGGRESSIVE;
				CLANG_CXX_LANGUAGE_STANDARD = "gnu++14";
				CLANG_CXX_LIBRARY = "libc++";
				CLANG_ENABLE_MODULES = YES;
				CLANG_ENABLE_OBJC_ARC = YES;
				CLANG_ENABLE_OBJC_WEAK = YES;
				CLANG_WARN_BLOCK_CAPTURE_AUTORELEASING = YES;
				CLANG_WARN_BOOL_CONVERSION = YES;
				CLANG_WARN_COMMA = YES;
				CLANG_WARN_CONSTANT_CONVERSION = YES;
				CLANG_WARN_DEPRECATED_OBJC_IMPLEMENTATIONS = YES;
				CLANG_WARN_DIRECT_OBJC_ISA_USAGE = YES_ERROR;
				CLANG_WARN_DOCUMENTATION_COMMENTS = YES;
				CLANG_WARN_EMPTY_BODY = YES;
				CLANG_WARN_ENUM_CONVERSION = YES;
				CLANG_WARN_INFINITE_RECURSION = YES;
				CLANG_WARN_INT_CONVERSION = YES;
				CLANG_WARN_NON_LITERAL_NULL_CONVERSION = YES;
				CLANG_WARN_OBJC_IMPLICIT_RETAIN_SELF = YES;
				CLANG_WARN_OBJC_LITERAL_CONVERSION = YES;
				CLANG_WARN_OBJC_ROOT_CLASS = YES_ERROR;
				CLANG_WARN_QUOTED_INCLUDE_IN_FRAMEWORK_HEADER = YES;
				CLANG_WARN_RANGE_LOOP_ANALYSIS = YES;
				CLANG_WARN_STRICT_PROTOTYPES = YES;
				CLANG_WARN_SUSPICIOUS_MOVE = YES;
				CLANG_WARN_UNGUARDED_AVAILABILITY = YES_AGGRESSIVE;
				CLANG_WARN_UNREACHABLE_CODE = YES;
				CLANG_WARN__DUPLICATE_METHOD_MATCH = YES;
				COPY_PHASE_STRIP = NO;
				CURRENT_PROJECT_VERSION = 11;
				DEBUG_INFORMATION_FORMAT = dwarf;
				ENABLE_STRICT_OBJC_MSGSEND = YES;
				ENABLE_TESTABILITY = YES;
				GCC_C_LANGUAGE_STANDARD = gnu11;
				GCC_DYNAMIC_NO_PIC = NO;
				GCC_NO_COMMON_BLOCKS = YES;
				GCC_OPTIMIZATION_LEVEL = 0;
				GCC_PREPROCESSOR_DEFINITIONS = (
					"DEBUG=1",
					"$(inherited)",
				);
				GCC_WARN_64_TO_32_BIT_CONVERSION = YES;
				GCC_WARN_ABOUT_RETURN_TYPE = YES_ERROR;
				GCC_WARN_UNDECLARED_SELECTOR = YES;
				GCC_WARN_UNINITIALIZED_AUTOS = YES_AGGRESSIVE;
				GCC_WARN_UNUSED_FUNCTION = YES;
				GCC_WARN_UNUSED_VARIABLE = YES;
				MARKETING_VERSION = 2.0.0;
				MTL_ENABLE_DEBUG_INFO = INCLUDE_SOURCE;
				MTL_FAST_MATH = YES;
				ONLY_ACTIVE_ARCH = YES;
				SWIFT_ACTIVE_COMPILATION_CONDITIONS = DEBUG;
				SWIFT_EMIT_LOC_STRINGS = YES;
				SWIFT_OPTIMIZATION_LEVEL = "-Onone";
			};
			name = Debug;
		};
		EEB7578C24B2B6E700F26CF7 /* Release */ = {
			isa = XCBuildConfiguration;
			buildSettings = {
				ALWAYS_SEARCH_USER_PATHS = NO;
				CLANG_ANALYZER_LOCALIZABILITY_NONLOCALIZED = YES;
				CLANG_ANALYZER_NONNULL = YES;
				CLANG_ANALYZER_NUMBER_OBJECT_CONVERSION = YES_AGGRESSIVE;
				CLANG_CXX_LANGUAGE_STANDARD = "gnu++14";
				CLANG_CXX_LIBRARY = "libc++";
				CLANG_ENABLE_MODULES = YES;
				CLANG_ENABLE_OBJC_ARC = YES;
				CLANG_ENABLE_OBJC_WEAK = YES;
				CLANG_WARN_BLOCK_CAPTURE_AUTORELEASING = YES;
				CLANG_WARN_BOOL_CONVERSION = YES;
				CLANG_WARN_COMMA = YES;
				CLANG_WARN_CONSTANT_CONVERSION = YES;
				CLANG_WARN_DEPRECATED_OBJC_IMPLEMENTATIONS = YES;
				CLANG_WARN_DIRECT_OBJC_ISA_USAGE = YES_ERROR;
				CLANG_WARN_DOCUMENTATION_COMMENTS = YES;
				CLANG_WARN_EMPTY_BODY = YES;
				CLANG_WARN_ENUM_CONVERSION = YES;
				CLANG_WARN_INFINITE_RECURSION = YES;
				CLANG_WARN_INT_CONVERSION = YES;
				CLANG_WARN_NON_LITERAL_NULL_CONVERSION = YES;
				CLANG_WARN_OBJC_IMPLICIT_RETAIN_SELF = YES;
				CLANG_WARN_OBJC_LITERAL_CONVERSION = YES;
				CLANG_WARN_OBJC_ROOT_CLASS = YES_ERROR;
				CLANG_WARN_QUOTED_INCLUDE_IN_FRAMEWORK_HEADER = YES;
				CLANG_WARN_RANGE_LOOP_ANALYSIS = YES;
				CLANG_WARN_STRICT_PROTOTYPES = YES;
				CLANG_WARN_SUSPICIOUS_MOVE = YES;
				CLANG_WARN_UNGUARDED_AVAILABILITY = YES_AGGRESSIVE;
				CLANG_WARN_UNREACHABLE_CODE = YES;
				CLANG_WARN__DUPLICATE_METHOD_MATCH = YES;
				COPY_PHASE_STRIP = NO;
				CURRENT_PROJECT_VERSION = 11;
				DEBUG_INFORMATION_FORMAT = "dwarf-with-dsym";
				ENABLE_NS_ASSERTIONS = NO;
				ENABLE_STRICT_OBJC_MSGSEND = YES;
				GCC_C_LANGUAGE_STANDARD = gnu11;
				GCC_NO_COMMON_BLOCKS = YES;
				GCC_WARN_64_TO_32_BIT_CONVERSION = YES;
				GCC_WARN_ABOUT_RETURN_TYPE = YES_ERROR;
				GCC_WARN_UNDECLARED_SELECTOR = YES;
				GCC_WARN_UNINITIALIZED_AUTOS = YES_AGGRESSIVE;
				GCC_WARN_UNUSED_FUNCTION = YES;
				GCC_WARN_UNUSED_VARIABLE = YES;
				MARKETING_VERSION = 2.0.0;
				MTL_ENABLE_DEBUG_INFO = NO;
				MTL_FAST_MATH = YES;
				SWIFT_COMPILATION_MODE = wholemodule;
				SWIFT_EMIT_LOC_STRINGS = YES;
				SWIFT_OPTIMIZATION_LEVEL = "-O";
			};
			name = Release;
		};
		EEB7578E24B2B6E700F26CF7 /* Debug */ = {
			isa = XCBuildConfiguration;
			buildSettings = {
				ALWAYS_EMBED_SWIFT_STANDARD_LIBRARIES = YES;
				ASSETCATALOG_COMPILER_APPICON_NAME = AppIcon;
				ASSETCATALOG_COMPILER_GLOBAL_ACCENT_COLOR_NAME = AccentColor;
				CODE_SIGN_ENTITLEMENTS = iOS/RSSBud.entitlements;
				CODE_SIGN_STYLE = Automatic;
				DEVELOPMENT_TEAM = 459NR5CZG8;
				ENABLE_PREVIEWS = YES;
				INFOPLIST_FILE = iOS/Info.plist;
				IPHONEOS_DEPLOYMENT_TARGET = 15.0;
				LD_RUNPATH_SEARCH_PATHS = (
					"$(inherited)",
					"@executable_path/Frameworks",
				);
				PRODUCT_BUNDLE_IDENTIFIER = me.CayZhang.RSSBud;
				PRODUCT_NAME = RSSBud;
				SDKROOT = iphoneos;
				SWIFT_VERSION = 5.0;
				TARGETED_DEVICE_FAMILY = "1,2";
			};
			name = Debug;
		};
		EEB7578F24B2B6E700F26CF7 /* Release */ = {
			isa = XCBuildConfiguration;
			buildSettings = {
				ALWAYS_EMBED_SWIFT_STANDARD_LIBRARIES = YES;
				ASSETCATALOG_COMPILER_APPICON_NAME = AppIcon;
				ASSETCATALOG_COMPILER_GLOBAL_ACCENT_COLOR_NAME = AccentColor;
				CODE_SIGN_ENTITLEMENTS = iOS/RSSBud.entitlements;
				CODE_SIGN_STYLE = Automatic;
				DEVELOPMENT_TEAM = 459NR5CZG8;
				ENABLE_PREVIEWS = YES;
				INFOPLIST_FILE = iOS/Info.plist;
				IPHONEOS_DEPLOYMENT_TARGET = 15.0;
				LD_RUNPATH_SEARCH_PATHS = (
					"$(inherited)",
					"@executable_path/Frameworks",
				);
				PRODUCT_BUNDLE_IDENTIFIER = me.CayZhang.RSSBud;
				PRODUCT_NAME = RSSBud;
				SDKROOT = iphoneos;
				SWIFT_VERSION = 5.0;
				TARGETED_DEVICE_FAMILY = "1,2";
				VALIDATE_PRODUCT = YES;
			};
			name = Release;
		};
		EEB7579124B2B6E700F26CF7 /* Debug */ = {
			isa = XCBuildConfiguration;
			buildSettings = {
				ASSETCATALOG_COMPILER_APPICON_NAME = AppIcon;
				ASSETCATALOG_COMPILER_GLOBAL_ACCENT_COLOR_NAME = AccentColor;
				CODE_SIGN_ENTITLEMENTS = macOS/macOS.entitlements;
				CODE_SIGN_IDENTITY = "-";
				CODE_SIGN_STYLE = Automatic;
				COMBINE_HIDPI_IMAGES = YES;
				DEVELOPMENT_TEAM = 459NR5CZG8;
				ENABLE_HARDENED_RUNTIME = YES;
				ENABLE_PREVIEWS = YES;
				INFOPLIST_FILE = macOS/Info.plist;
				LD_RUNPATH_SEARCH_PATHS = (
					"$(inherited)",
					"@executable_path/../Frameworks",
				);
				MACOSX_DEPLOYMENT_TARGET = 10.16;
				PRODUCT_BUNDLE_IDENTIFIER = me.CayZhang.RSSBud;
				PRODUCT_NAME = RSSBud;
				SDKROOT = macosx;
				SWIFT_VERSION = 5.0;
			};
			name = Debug;
		};
		EEB7579224B2B6E700F26CF7 /* Release */ = {
			isa = XCBuildConfiguration;
			buildSettings = {
				ASSETCATALOG_COMPILER_APPICON_NAME = AppIcon;
				ASSETCATALOG_COMPILER_GLOBAL_ACCENT_COLOR_NAME = AccentColor;
				CODE_SIGN_ENTITLEMENTS = macOS/macOS.entitlements;
				CODE_SIGN_IDENTITY = "-";
				CODE_SIGN_STYLE = Automatic;
				COMBINE_HIDPI_IMAGES = YES;
				DEVELOPMENT_TEAM = 459NR5CZG8;
				ENABLE_HARDENED_RUNTIME = YES;
				ENABLE_PREVIEWS = YES;
				INFOPLIST_FILE = macOS/Info.plist;
				LD_RUNPATH_SEARCH_PATHS = (
					"$(inherited)",
					"@executable_path/../Frameworks",
				);
				MACOSX_DEPLOYMENT_TARGET = 10.16;
				PRODUCT_BUNDLE_IDENTIFIER = me.CayZhang.RSSBud;
				PRODUCT_NAME = RSSBud;
				SDKROOT = macosx;
				SWIFT_VERSION = 5.0;
			};
			name = Release;
		};
		EEC4A50824E3D032005041CA /* Debug */ = {
			isa = XCBuildConfiguration;
			buildSettings = {
				ASSETCATALOG_COMPILER_APPICON_NAME = ActionExtensionIcon;
				CODE_SIGN_ENTITLEMENTS = "Action Extension/Action Extension.entitlements";
				CODE_SIGN_IDENTITY = "Apple Development";
				CODE_SIGN_STYLE = Automatic;
				DEVELOPMENT_TEAM = 459NR5CZG8;
				INFOPLIST_FILE = "Action Extension/Info.plist";
				IPHONEOS_DEPLOYMENT_TARGET = 15.0;
				LD_RUNPATH_SEARCH_PATHS = (
					"$(inherited)",
					"@executable_path/Frameworks",
					"@executable_path/../../Frameworks",
				);
				PRODUCT_BUNDLE_IDENTIFIER = me.CayZhang.RSSBud.ActionExtension;
				PRODUCT_NAME = "$(TARGET_NAME)";
				PROVISIONING_PROFILE_SPECIFIER = "";
				SDKROOT = iphoneos;
				SKIP_INSTALL = YES;
				SWIFT_ACTIVE_COMPILATION_CONDITIONS = "$(inherited) ACTION_EXTENSION";
				SWIFT_VERSION = 5.0;
				TARGETED_DEVICE_FAMILY = "1,2";
			};
			name = Debug;
		};
		EEC4A50924E3D032005041CA /* Release */ = {
			isa = XCBuildConfiguration;
			buildSettings = {
				ASSETCATALOG_COMPILER_APPICON_NAME = ActionExtensionIcon;
				CODE_SIGN_ENTITLEMENTS = "Action Extension/Action Extension.entitlements";
				CODE_SIGN_IDENTITY = "Apple Development";
				CODE_SIGN_STYLE = Automatic;
				DEVELOPMENT_TEAM = 459NR5CZG8;
				INFOPLIST_FILE = "Action Extension/Info.plist";
				IPHONEOS_DEPLOYMENT_TARGET = 15.0;
				LD_RUNPATH_SEARCH_PATHS = (
					"$(inherited)",
					"@executable_path/Frameworks",
					"@executable_path/../../Frameworks",
				);
				PRODUCT_BUNDLE_IDENTIFIER = me.CayZhang.RSSBud.ActionExtension;
				PRODUCT_NAME = "$(TARGET_NAME)";
				PROVISIONING_PROFILE_SPECIFIER = "";
				SDKROOT = iphoneos;
				SKIP_INSTALL = YES;
				SWIFT_ACTIVE_COMPILATION_CONDITIONS = "$(inherited) ACTION_EXTENSION";
				SWIFT_VERSION = 5.0;
				TARGETED_DEVICE_FAMILY = "1,2";
				VALIDATE_PRODUCT = YES;
			};
			name = Release;
		};
/* End XCBuildConfiguration section */

/* Begin XCConfigurationList section */
		1C6E629E2556BF48006087EF /* Build configuration list for PBXNativeTarget "PromoAssetGeneration" */ = {
			isa = XCConfigurationList;
			buildConfigurations = (
				1C6E629C2556BF48006087EF /* Debug */,
				1C6E629D2556BF48006087EF /* Release */,
			);
			defaultConfigurationIsVisible = 0;
			defaultConfigurationName = Release;
		};
		EE7CD90D24DD541100FAA837 /* Build configuration list for PBXNativeTarget "RSSBudTests" */ = {
			isa = XCConfigurationList;
			buildConfigurations = (
				EE7CD90E24DD541100FAA837 /* Debug */,
				EE7CD90F24DD541100FAA837 /* Release */,
			);
			defaultConfigurationIsVisible = 0;
			defaultConfigurationName = Release;
		};
		EEB7577024B2B6E600F26CF7 /* Build configuration list for PBXProject "RSSBud" */ = {
			isa = XCConfigurationList;
			buildConfigurations = (
				EEB7578B24B2B6E700F26CF7 /* Debug */,
				EEB7578C24B2B6E700F26CF7 /* Release */,
			);
			defaultConfigurationIsVisible = 0;
			defaultConfigurationName = Release;
		};
		EEB7578D24B2B6E700F26CF7 /* Build configuration list for PBXNativeTarget "iOS" */ = {
			isa = XCConfigurationList;
			buildConfigurations = (
				EEB7578E24B2B6E700F26CF7 /* Debug */,
				EEB7578F24B2B6E700F26CF7 /* Release */,
			);
			defaultConfigurationIsVisible = 0;
			defaultConfigurationName = Release;
		};
		EEB7579024B2B6E700F26CF7 /* Build configuration list for PBXNativeTarget "macOS" */ = {
			isa = XCConfigurationList;
			buildConfigurations = (
				EEB7579124B2B6E700F26CF7 /* Debug */,
				EEB7579224B2B6E700F26CF7 /* Release */,
			);
			defaultConfigurationIsVisible = 0;
			defaultConfigurationName = Release;
		};
		EEC4A50A24E3D032005041CA /* Build configuration list for PBXNativeTarget "Action Extension" */ = {
			isa = XCConfigurationList;
			buildConfigurations = (
				EEC4A50824E3D032005041CA /* Debug */,
				EEC4A50924E3D032005041CA /* Release */,
			);
			defaultConfigurationIsVisible = 0;
			defaultConfigurationName = Release;
		};
/* End XCConfigurationList section */

/* Begin XCRemoteSwiftPackageReference section */
		1C99BE46259B35EC0073609C /* XCRemoteSwiftPackageReference "BetterSafariView" */ = {
			isa = XCRemoteSwiftPackageReference;
			repositoryURL = "https://github.com/stleamist/BetterSafariView";
			requirement = {
				kind = upToNextMajorVersion;
				minimumVersion = 2.2.2;
			};
		};
		1CE03F54257C82E200F38061 /* XCRemoteSwiftPackageReference "Valet" */ = {
			isa = XCRemoteSwiftPackageReference;
			repositoryURL = "https://github.com/Square/Valet";
			requirement = {
				kind = upToNextMajorVersion;
				minimumVersion = 4.1.1;
			};
		};
/* End XCRemoteSwiftPackageReference section */

/* Begin XCSwiftPackageProductDependency section */
		1C99BE47259B35EC0073609C /* BetterSafariView */ = {
			isa = XCSwiftPackageProductDependency;
			package = 1C99BE46259B35EC0073609C /* XCRemoteSwiftPackageReference "BetterSafariView" */;
			productName = BetterSafariView;
		};
		1C99BE4E259B35F30073609C /* BetterSafariView */ = {
			isa = XCSwiftPackageProductDependency;
			package = 1C99BE46259B35EC0073609C /* XCRemoteSwiftPackageReference "BetterSafariView" */;
			productName = BetterSafariView;
		};
		1CE03F55257C82E200F38061 /* Valet */ = {
			isa = XCSwiftPackageProductDependency;
			package = 1CE03F54257C82E200F38061 /* XCRemoteSwiftPackageReference "Valet" */;
			productName = Valet;
		};
		1CE03F5C257C8C9000F38061 /* Valet */ = {
			isa = XCSwiftPackageProductDependency;
			package = 1CE03F54257C82E200F38061 /* XCRemoteSwiftPackageReference "Valet" */;
			productName = Valet;
		};
/* End XCSwiftPackageProductDependency section */
	};
	rootObject = EEB7576D24B2B6E600F26CF7 /* Project object */;
}
