{
  "pins" : [
    {
      "identity" : "bettersafariview",
      "kind" : "remoteSourceControl",
      "location" : "https://github.com/stleamist/BetterSafariView",
      "state" : {
        "revision" : "be7248720af18c57c7a1348b20f6212379b28c6b",
        "version" : "2.4.0"
      }
    },
    {
      "identity" : "valet",
      "kind" : "remoteSourceControl",
      "location" : "https://github.com/Square/Valet",
      "state" : {
        "revision" : "2bf3329055f5d71d42a12801dd69d1d770fafa5e",
        "version" : "4.1.2"
      }
    }
  ],
  "version" : 2
}
