{
  "object": {
    "pins": [
      {
        "package": "BetterSafariView",
        "repositoryURL": "https://github.com/stleamist/BetterSafariView",
        "state": {
          "branch": null,
          "revision": "a4a8590a24f088ddb077815f49b62c71342c5869",
          "version": "2.2.2"
        }
      },
      {
        "package": "Valet",
        "repositoryURL": "https://github.com/Square/Valet",
        "state": {
          "branch": null,
          "revision": "c9e7a1e5e0cb73f07cafb403c53c4922e22e5357",
          "version": "4.1.1"
        }
      }
    ]
  },
  "version": 1
}
